{
  "originHash" : "2da127fe88cb7ed914fd8ac9cb6e6631429a976be013db8296d8024ed8c1c532",
  "pins" : [
    {
      "identity" : "combinecocoa",
      "kind" : "remoteSourceControl",
      "location" : "https://github.com/CombineCommunity/CombineCocoa.git",
      "state" : {
        "revision" : "7300c75ff9e072aa7fd0fccefcc88f74aae9bf56",
        "version" : "0.4.1"
      }
    },
    {
      "identity" : "combinedatasources",
      "kind" : "remoteSourceControl",
      "location" : "https://github.com/combineopensource/CombineDataSources",
      "state" : {
        "revision" : "362795e0336f2c1637036f692a3b5d05806302b4",
        "version" : "0.2.5"
      }
    },
    {
      "identity" : "snapkit",
      "kind" : "remoteSourceControl",
      "location" : "https://github.com/SnapKit/SnapKit.git",
      "state" : {
        "revision" : "2842e6e84e82eb9a8dac0100ca90d9444b0307f4",
        "version" : "5.7.1"
      }
    }
  ],
  "version" : 3
}
