{
  "originHash" : "643ba9707383be7289b9499e7e6d3021de761e70fad91fa708dce0171c96a76c",
  "pins" : [
    {
      "identity" : "alamofire",
      "kind" : "remoteSourceControl",
      "location" : "https://github.com/Alamofire/Alamofire.git",
      "state" : {
        "revision" : "f455c2975872ccd2d9c81594c658af65716e9b9a",
        "version" : "5.9.1"
      }
    },
    {
      "identity" : "algoliasearch-client-swift",
      "kind" : "remoteSourceControl",
      "location" : "https://github.com/algolia/algoliasearch-client-swift",
      "state" : {
        "revision" : "4322ab2dc8cdb7acb6d06a019fd56f84dc998f25",
        "version" : "8.21.0"
      }
    },
    {
      "identity" : "combinecocoa",
      "kind" : "remoteSourceControl",
      "location" : "https://github.com/CombineCommunity/CombineCocoa.git",
      "state" : {
        "revision" : "7300c75ff9e072aa7fd0fccefcc88f74aae9bf56",
        "version" : "0.4.1"
      }
    },
    {
      "identity" : "combinedatasources",
      "kind" : "remoteSourceControl",
      "location" : "https://github.com/combineopensource/CombineDataSources",
      "state" : {
        "revision" : "362795e0336f2c1637036f692a3b5d05806302b4",
        "version" : "0.2.5"
      }
    },
    {
      "identity" : "easynotificationbadge",
      "kind" : "remoteSourceControl",
      "location" : "https://github.com/Minitour/EasyNotificationBadge.git",
      "state" : {
        "revision" : "2774998af193a396b1842c0727fe52c2bd217ae2",
        "version" : "1.2.5"
      }
    },
    {
      "identity" : "hero",
      "kind" : "remoteSourceControl",
      "location" : "https://github.com/HeroTransitions/Hero.git",
      "state" : {
        "revision" : "b307e2d48d582118e5101d04f5187c91595a1095",
        "version" : "1.6.3"
      }
    },
    {
      "identity" : "instantsearch-ios",
      "kind" : "remoteSourceControl",
      "location" : "https://github.com/algolia/instantsearch-ios",
      "state" : {
        "revision" : "a413df32897a841601f42e875fc6abe08b7ea293",
        "version" : "7.26.3"
      }
    },
    {
      "identity" : "instantsearch-telemetry-native",
      "kind" : "remoteSourceControl",
      "location" : "https://github.com/algolia/instantsearch-telemetry-native",
      "state" : {
        "revision" : "d9861ceb2fe25899a31672fb7c648ae8036d3221",
        "version" : "0.1.3"
      }
    },
    {
      "identity" : "jdstatusbarnotification",
      "kind" : "remoteSourceControl",
      "location" : "git@github.com:calimarkus/JDStatusBarNotification.git",
      "state" : {
        "revision" : "ffde0bab9fd0b47e426e696b5fe53deefc781452",
        "version" : "2.2.2"
      }
    },
    {
      "identity" : "kingfisher",
      "kind" : "remoteSourceControl",
      "location" : "https://github.com/onevcat/Kingfisher.git",
      "state" : {
        "revision" : "c0940e241945e6378c01fbd45fd3815579d47ef5",
        "version" : "8.1.0"
      }
    },
    {
      "identity" : "lottie-spm",
      "kind" : "remoteSourceControl",
      "location" : "https://github.com/airbnb/lottie-spm.git",
      "state" : {
        "revision" : "b842598f1295f3ffa1475b1580672d1fe5b83580",
        "version" : "4.5.0"
      }
    },
    {
      "identity" : "sentry-cocoa",
      "kind" : "remoteSourceControl",
      "location" : "https://github.com/getsentry/sentry-cocoa.git",
      "state" : {
        "revision" : "e2ac1723a4a9632e291c171b6e25a0c403b0fecb",
        "version" : "8.35.0"
      }
    },
    {
      "identity" : "skeletonview",
      "kind" : "remoteSourceControl",
      "location" : "https://github.com/Juanpe/SkeletonView.git",
      "state" : {
        "revision" : "2f5274827d310e32c09325dd3e0007120940988e",
        "version" : "1.31.0"
      }
    },
    {
      "identity" : "snapkit",
      "kind" : "remoteSourceControl",
      "location" : "https://github.com/SnapKit/SnapKit.git",
      "state" : {
        "revision" : "2842e6e84e82eb9a8dac0100ca90d9444b0307f4",
        "version" : "5.7.1"
      }
    },
    {
      "identity" : "swift-log",
      "kind" : "remoteSourceControl",
      "location" : "https://github.com/apple/swift-log",
      "state" : {
        "revision" : "9cb486020ebf03bfa5b5df985387a14a98744537",
        "version" : "1.6.1"
      }
    },
    {
      "identity" : "swift-protobuf",
      "kind" : "remoteSourceControl",
      "location" : "https://github.com/apple/swift-protobuf.git",
      "state" : {
        "revision" : "ebc7251dd5b37f627c93698e4374084d98409633",
        "version" : "1.28.2"
      }
    },
    {
      "identity" : "valet",
      "kind" : "remoteSourceControl",
      "location" : "https://github.com/square/Valet",
      "state" : {
        "revision" : "3df8eaa90e1fa0d80830733cdc3c9e098146af3d",
        "version" : "4.3.0"
      }
    },
    {
      "identity" : "xendit-sdk-ios-src",
      "kind" : "remoteSourceControl",
      "location" : "https://github.com/xendit/xendit-sdk-ios-src",
      "state" : {
        "revision" : "893a344ab37bd498a37b003ab068b9732c8ce818",
        "version" : "3.10.0"
      }
    }
  ],
  "version" : 3
}
