// !$*UTF8*$!
{
	archiveVersion = 1;
	classes = {
	};
	objectVersion = 56;
	objects = {

/* Begin PBXBuildFile section */
		C121FD482CB903BE00B4AEF5 /* EasyNotificationBadge in Frameworks */ = {isa = PBXBuildFile; productRef = C121FD472CB903BE00B4AEF5 /* EasyNotificationBadge */; };
		C12251C42CB6E065001278E6 /* DatabaseService.swift in Sources */ = {isa = PBXBuildFile; fileRef = C12251C32CB6E065001278E6 /* DatabaseService.swift */; };
		C12251C72CB6EDDF001278E6 /* BikeProduct.swift in Sources */ = {isa = PBXBuildFile; fileRef = C12251C62CB6EDDF001278E6 /* BikeProduct.swift */; };
		C12251C92CB78D56001278E6 /* History.swift in Sources */ = {isa = PBXBuildFile; fileRef = C12251C82CB78D56001278E6 /* History.swift */; };
		C13D90C82C91EE5400430BA4 /* DetailViewController.swift in Sources */ = {isa = PBXBuildFile; fileRef = C13D90C72C91EE5400430BA4 /* DetailViewController.swift */; };
		C13D90CA2C91EEA200430BA4 /* DetailCoordinator.swift in Sources */ = {isa = PBXBuildFile; fileRef = C13D90C92C91EEA200430BA4 /* DetailCoordinator.swift */; };
		C13D90D42C92183A00430BA4 /* Constants.swift in Sources */ = {isa = PBXBuildFile; fileRef = C13D90D32C92183A00430BA4 /* Constants.swift */; };
		C13D90D62C9218D100430BA4 /* APIKeys.swift in Sources */ = {isa = PBXBuildFile; fileRef = C13D90D52C9218D100430BA4 /* APIKeys.swift */; };
		C13D90D82C9218D700430BA4 /* AppConfig.swift in Sources */ = {isa = PBXBuildFile; fileRef = C13D90D72C9218D700430BA4 /* AppConfig.swift */; };
		C13D90DA2C9218E800430BA4 /* BuildConfiguration.swift in Sources */ = {isa = PBXBuildFile; fileRef = C13D90D92C9218E800430BA4 /* BuildConfiguration.swift */; };
		C13D90DC2C9218F400430BA4 /* Environment.swift in Sources */ = {isa = PBXBuildFile; fileRef = C13D90DB2C9218F400430BA4 /* Environment.swift */; };
		C1464C542C92A96300F945BA /* CartCoordinator.swift in Sources */ = {isa = PBXBuildFile; fileRef = C1464C532C92A96300F945BA /* CartCoordinator.swift */; };
		C1464C562C92A97900F945BA /* CartViewController.swift in Sources */ = {isa = PBXBuildFile; fileRef = C1464C552C92A97900F945BA /* CartViewController.swift */; };
		C1464C592C92B41800F945BA /* CartViewCell.swift in Sources */ = {isa = PBXBuildFile; fileRef = C1464C582C92B41800F945BA /* CartViewCell.swift */; };
		C147C2512CA14D6D002B88AF /* HistoryTableViewCell.swift in Sources */ = {isa = PBXBuildFile; fileRef = C147C2502CA14D6D002B88AF /* HistoryTableViewCell.swift */; };
		C151E8A72CA9B9BD000C6B73 /* Valet in Frameworks */ = {isa = PBXBuildFile; productRef = C151E8A62CA9B9BD000C6B73 /* Valet */; };
		C15B513E2CBA447500892DBD /* BikeV2.swift in Sources */ = {isa = PBXBuildFile; fileRef = C15B513D2CBA447500892DBD /* BikeV2.swift */; };
		C15B51402CBAB40300892DBD /* Integer + Extension.swift in Sources */ = {isa = PBXBuildFile; fileRef = C15B513F2CBAB40300892DBD /* Integer + Extension.swift */; };
		C15B51422CBAC53E00892DBD /* Double + Extension.swift in Sources */ = {isa = PBXBuildFile; fileRef = C15B51412CBAC53E00892DBD /* Double + Extension.swift */; };
		C1705E0A2CA55C6D0043CE9D /* Bikes.swift in Sources */ = {isa = PBXBuildFile; fileRef = C1705E052CA55C6D0043CE9D /* Bikes.swift */; };
		C1705E0B2CA55C6D0043CE9D /* BikeNetworkRepository.swift in Sources */ = {isa = PBXBuildFile; fileRef = C1705E072CA55C6D0043CE9D /* BikeNetworkRepository.swift */; };
		C1705E0C2CA55C6D0043CE9D /* BikeService.swift in Sources */ = {isa = PBXBuildFile; fileRef = C1705E092CA55C6D0043CE9D /* BikeService.swift */; };
		C1705E0D2CA55C6D0043CE9D /* BikeRepository.swift in Sources */ = {isa = PBXBuildFile; fileRef = C1705E082CA55C6D0043CE9D /* BikeRepository.swift */; };
		C1705E0E2CA55C6D0043CE9D /* BikeAPI.swift in Sources */ = {isa = PBXBuildFile; fileRef = C1705E062CA55C6D0043CE9D /* BikeAPI.swift */; };
		C177238D2C951CF30078E598 /* ReadMoreTextView.swift in Sources */ = {isa = PBXBuildFile; fileRef = C177238C2C951CF30078E598 /* ReadMoreTextView.swift */; };
		C177238F2C954E6B0078E598 /* PopUpViewController.swift in Sources */ = {isa = PBXBuildFile; fileRef = C177238E2C954E6B0078E598 /* PopUpViewController.swift */; };
		C17D7D952C975EB800868F1E /* HistoryViewController.swift in Sources */ = {isa = PBXBuildFile; fileRef = C17D7D942C975EB800868F1E /* HistoryViewController.swift */; };
		C17D7D972C975EC200868F1E /* HistoryCoordinator.swift in Sources */ = {isa = PBXBuildFile; fileRef = C17D7D962C975EC200868F1E /* HistoryCoordinator.swift */; };
		C17D7D9B2C981C8D00868F1E /* PlusJakartaSans-Bold.ttf in Resources */ = {isa = PBXBuildFile; fileRef = C17D7D9A2C981C8D00868F1E /* PlusJakartaSans-Bold.ttf */; };
		C17D7D9D2C981C9C00868F1E /* PlusJakartaSans-ExtraBold.ttf in Resources */ = {isa = PBXBuildFile; fileRef = C17D7D9C2C981C9C00868F1E /* PlusJakartaSans-ExtraBold.ttf */; };
		C17D7D9F2C981CA800868F1E /* PlusJakartaSans-ExtraLight.ttf in Resources */ = {isa = PBXBuildFile; fileRef = C17D7D9E2C981CA800868F1E /* PlusJakartaSans-ExtraLight.ttf */; };
		C17D7DA12C981CB900868F1E /* PlusJakartaSans-Light.ttf in Resources */ = {isa = PBXBuildFile; fileRef = C17D7DA02C981CB800868F1E /* PlusJakartaSans-Light.ttf */; };
		C17D7DA52C981CF900868F1E /* PlusJakartaSans-Medium.ttf in Resources */ = {isa = PBXBuildFile; fileRef = C17D7DA42C981CF900868F1E /* PlusJakartaSans-Medium.ttf */; };
		C17D7DA72C981D0200868F1E /* PlusJakartaSans-Regular.ttf in Resources */ = {isa = PBXBuildFile; fileRef = C17D7DA62C981D0200868F1E /* PlusJakartaSans-Regular.ttf */; };
		C17D7DA92C981D4000868F1E /* PlusJakartaSans-SemiBold.ttf in Resources */ = {isa = PBXBuildFile; fileRef = C17D7DA82C981D4000868F1E /* PlusJakartaSans-SemiBold.ttf */; };
		C18F51622C9D1A1000E60C0D /* Email.swift in Sources */ = {isa = PBXBuildFile; fileRef = C18F51502C9D1A1000E60C0D /* Email.swift */; };
		C18F51632C9D1A1000E60C0D /* Password.swift in Sources */ = {isa = PBXBuildFile; fileRef = C18F51522C9D1A1000E60C0D /* Password.swift */; };
		C18F51642C9D1A1000E60C0D /* Username.swift in Sources */ = {isa = PBXBuildFile; fileRef = C18F51512C9D1A1000E60C0D /* Username.swift */; };
		C18F51652C9D1A1000E60C0D /* AuthenticationService.swift in Sources */ = {isa = PBXBuildFile; fileRef = C18F51592C9D1A1000E60C0D /* AuthenticationService.swift */; };
		C18F51662C9D1A1000E60C0D /* ValidationError.swift in Sources */ = {isa = PBXBuildFile; fileRef = C18F514C2C9D1A1000E60C0D /* ValidationError.swift */; };
		C18F51672C9D1A1000E60C0D /* AuthenticationValidationError.swift in Sources */ = {isa = PBXBuildFile; fileRef = C18F515C2C9D1A1000E60C0D /* AuthenticationValidationError.swift */; };
		C18F51682C9D1A1000E60C0D /* AuthenticationError.swift in Sources */ = {isa = PBXBuildFile; fileRef = C18F515B2C9D1A1000E60C0D /* AuthenticationError.swift */; };
		C18F51692C9D1A1000E60C0D /* Validateable.swift in Sources */ = {isa = PBXBuildFile; fileRef = C18F514D2C9D1A1000E60C0D /* Validateable.swift */; };
		C18F516A2C9D1A1000E60C0D /* User.swift in Sources */ = {isa = PBXBuildFile; fileRef = C18F51532C9D1A1000E60C0D /* User.swift */; };
		C18F516B2C9D1A1000E60C0D /* Valueable.swift in Sources */ = {isa = PBXBuildFile; fileRef = C18F514E2C9D1A1000E60C0D /* Valueable.swift */; };
		C18F516C2C9D1A1000E60C0D /* AuthenticationNetworkRepository.swift in Sources */ = {isa = PBXBuildFile; fileRef = C18F515E2C9D1A1000E60C0D /* AuthenticationNetworkRepository.swift */; };
		C18F516D2C9D1A1000E60C0D /* SigninResponse.swift in Sources */ = {isa = PBXBuildFile; fileRef = C18F51552C9D1A1000E60C0D /* SigninResponse.swift */; };
		C18F516E2C9D1A1000E60C0D /* AuthenticationRepository.swift in Sources */ = {isa = PBXBuildFile; fileRef = C18F515F2C9D1A1000E60C0D /* AuthenticationRepository.swift */; };
		C18F516F2C9D1A1000E60C0D /* AuthenticationAPI.swift in Sources */ = {isa = PBXBuildFile; fileRef = C18F51572C9D1A1000E60C0D /* AuthenticationAPI.swift */; };
		C18F51752C9D1AA300E60C0D /* Responseable.swift in Sources */ = {isa = PBXBuildFile; fileRef = C18F51702C9D1AA300E60C0D /* Responseable.swift */; };
		C18F51762C9D1AA300E60C0D /* ServerMessageError.swift in Sources */ = {isa = PBXBuildFile; fileRef = C18F51712C9D1AA300E60C0D /* ServerMessageError.swift */; };
		C18F51772C9D1AA300E60C0D /* APIService.swift in Sources */ = {isa = PBXBuildFile; fileRef = C18F51742C9D1AA300E60C0D /* APIService.swift */; };
		C18F51782C9D1AA300E60C0D /* APIManager.swift in Sources */ = {isa = PBXBuildFile; fileRef = C18F51732C9D1AA300E60C0D /* APIManager.swift */; };
		C18F51792C9D1AA300E60C0D /* API.swift in Sources */ = {isa = PBXBuildFile; fileRef = C18F51722C9D1AA300E60C0D /* API.swift */; };
		C18F517C2C9D1E4900E60C0D /* Alamofire in Frameworks */ = {isa = PBXBuildFile; productRef = C18F517B2C9D1E4900E60C0D /* Alamofire */; };
		C18F51812C9E84DC00E60C0D /* SignInViewModel.swift in Sources */ = {isa = PBXBuildFile; fileRef = C18F51802C9E84DC00E60C0D /* SignInViewModel.swift */; };
		C18F51852C9E8D9200E60C0D /* Strings + Extension.swift in Sources */ = {isa = PBXBuildFile; fileRef = C18F51842C9E8D9200E60C0D /* Strings + Extension.swift */; };
		C18F518C2C9F341C00E60C0D /* LoadingViewController.swift in Sources */ = {isa = PBXBuildFile; fileRef = C18F518B2C9F341C00E60C0D /* LoadingViewController.swift */; };
		C1936FFD2C898D1C00B56BA1 /* AppDelegate.swift in Sources */ = {isa = PBXBuildFile; fileRef = C1936FFC2C898D1C00B56BA1 /* AppDelegate.swift */; };
		C1936FFF2C898D1C00B56BA1 /* SceneDelegate.swift in Sources */ = {isa = PBXBuildFile; fileRef = C1936FFE2C898D1C00B56BA1 /* SceneDelegate.swift */; };
		C19370092C898D1D00B56BA1 /* Base in Resources */ = {isa = PBXBuildFile; fileRef = C19370082C898D1D00B56BA1 /* Base */; };
		C19370112C8991A700B56BA1 /* Coordinator.swift in Sources */ = {isa = PBXBuildFile; fileRef = C19370102C8991A700B56BA1 /* Coordinator.swift */; };
		C19370132C89941600B56BA1 /* HandleDeepLink.swift in Sources */ = {isa = PBXBuildFile; fileRef = C19370122C89941600B56BA1 /* HandleDeepLink.swift */; };
		C19370152C89943F00B56BA1 /* NavigationCoordinator.swift in Sources */ = {isa = PBXBuildFile; fileRef = C19370142C89943F00B56BA1 /* NavigationCoordinator.swift */; };
		C193701E2C89975A00B56BA1 /* AppCoordinator.swift in Sources */ = {isa = PBXBuildFile; fileRef = C193701D2C89975A00B56BA1 /* AppCoordinator.swift */; };
		C19370202C89988800B56BA1 /* TabbarCoordinator.swift in Sources */ = {isa = PBXBuildFile; fileRef = C193701F2C89988800B56BA1 /* TabbarCoordinator.swift */; };
		C19370232C899A0D00B56BA1 /* HomeCoordinator.swift in Sources */ = {isa = PBXBuildFile; fileRef = C19370222C899A0D00B56BA1 /* HomeCoordinator.swift */; };
		C19370252C899AD300B56BA1 /* HomeViewController.swift in Sources */ = {isa = PBXBuildFile; fileRef = C19370242C899AD300B56BA1 /* HomeViewController.swift */; };
		C19370282C89A22700B56BA1 /* SignInViewController.swift in Sources */ = {isa = PBXBuildFile; fileRef = C19370272C89A22700B56BA1 /* SignInViewController.swift */; };
		C193702A2C89A23100B56BA1 /* SignInCoordinator.swift in Sources */ = {isa = PBXBuildFile; fileRef = C19370292C89A23100B56BA1 /* SignInCoordinator.swift */; };
		C193702D2C89E97B00B56BA1 /* ProfileCoordinator.swift in Sources */ = {isa = PBXBuildFile; fileRef = C193702C2C89E97B00B56BA1 /* ProfileCoordinator.swift */; };
		C193702F2C89E98300B56BA1 /* ProfileViewController.swift in Sources */ = {isa = PBXBuildFile; fileRef = C193702E2C89E98300B56BA1 /* ProfileViewController.swift */; };
		C19370422C8A0C9400B56BA1 /* Manrope-SemiBold.ttf in Resources */ = {isa = PBXBuildFile; fileRef = C193703B2C8A0C9400B56BA1 /* Manrope-SemiBold.ttf */; };
		C19370432C8A0C9400B56BA1 /* Manrope-Regular.ttf in Resources */ = {isa = PBXBuildFile; fileRef = C193703C2C8A0C9400B56BA1 /* Manrope-Regular.ttf */; };
		C19370442C8A0C9400B56BA1 /* Manrope-ExtraLight.ttf in Resources */ = {isa = PBXBuildFile; fileRef = C193703D2C8A0C9400B56BA1 /* Manrope-ExtraLight.ttf */; };
		C19370452C8A0C9400B56BA1 /* Manrope-Bold.ttf in Resources */ = {isa = PBXBuildFile; fileRef = C193703E2C8A0C9400B56BA1 /* Manrope-Bold.ttf */; };
		C19370462C8A0C9400B56BA1 /* Manrope-Medium.ttf in Resources */ = {isa = PBXBuildFile; fileRef = C193703F2C8A0C9400B56BA1 /* Manrope-Medium.ttf */; };
		C19370472C8A0C9400B56BA1 /* Manrope-ExtraBold.ttf in Resources */ = {isa = PBXBuildFile; fileRef = C19370402C8A0C9400B56BA1 /* Manrope-ExtraBold.ttf */; };
		C19370482C8A0C9400B56BA1 /* Manrope-Light.ttf in Resources */ = {isa = PBXBuildFile; fileRef = C19370412C8A0C9400B56BA1 /* Manrope-Light.ttf */; };
		C193704B2C8A133100B56BA1 /* CombineCocoa in Frameworks */ = {isa = PBXBuildFile; productRef = C193704A2C8A133100B56BA1 /* CombineCocoa */; };
		C193704E2C8A137600B56BA1 /* SnapKit in Frameworks */ = {isa = PBXBuildFile; productRef = C193704D2C8A137600B56BA1 /* SnapKit */; };
		C19370512C8A140E00B56BA1 /* CombineDataSources in Frameworks */ = {isa = PBXBuildFile; productRef = C19370502C8A140E00B56BA1 /* CombineDataSources */; };
		C19370532C8A1D7E00B56BA1 /* CommonAssets.xcassets in Resources */ = {isa = PBXBuildFile; fileRef = C19370522C8A1D7E00B56BA1 /* CommonAssets.xcassets */; };
		C19370562C8AB19900B56BA1 /* WishlistViewController.swift in Sources */ = {isa = PBXBuildFile; fileRef = C19370552C8AB19900B56BA1 /* WishlistViewController.swift */; };
		C19370582C8AB21600B56BA1 /* WishlistCoordinator.swift in Sources */ = {isa = PBXBuildFile; fileRef = C19370572C8AB21600B56BA1 /* WishlistCoordinator.swift */; };
		C193705A2C8ABAEE00B56BA1 /* UIColor+Extension.swift in Sources */ = {isa = PBXBuildFile; fileRef = C19370592C8ABAEE00B56BA1 /* UIColor+Extension.swift */; };
		C193705C2C8ABBAB00B56BA1 /* ThemeColor.swift in Sources */ = {isa = PBXBuildFile; fileRef = C193705B2C8ABBAB00B56BA1 /* ThemeColor.swift */; };
		C193705F2C8AE99E00B56BA1 /* OnboardingViewController.swift in Sources */ = {isa = PBXBuildFile; fileRef = C193705E2C8AE99E00B56BA1 /* OnboardingViewController.swift */; };
		C19370612C8AE9AC00B56BA1 /* OnboardingCoordinator.swift in Sources */ = {isa = PBXBuildFile; fileRef = C19370602C8AE9AC00B56BA1 /* OnboardingCoordinator.swift */; };
		C19370632C8B697200B56BA1 /* LabelFactory.swift in Sources */ = {isa = PBXBuildFile; fileRef = C19370622C8B697200B56BA1 /* LabelFactory.swift */; };
		C19370652C8B69ED00B56BA1 /* ThemeFont.swift in Sources */ = {isa = PBXBuildFile; fileRef = C19370642C8B69ED00B56BA1 /* ThemeFont.swift */; };
		C19370672C8B72BA00B56BA1 /* ButtonFactory.swift in Sources */ = {isa = PBXBuildFile; fileRef = C19370662C8B72BA00B56BA1 /* ButtonFactory.swift */; };
		C19370692C8B73D900B56BA1 /* UIView+Extension.swift in Sources */ = {isa = PBXBuildFile; fileRef = C19370682C8B73D900B56BA1 /* UIView+Extension.swift */; };
		C193706B2C8B7A7B00B56BA1 /* Assets.xcassets in Resources */ = {isa = PBXBuildFile; fileRef = C193706A2C8B7A7B00B56BA1 /* Assets.xcassets */; };
		C19465582C8C087100171932 /* PaddedTextField.swift in Sources */ = {isa = PBXBuildFile; fileRef = C19465572C8C087100171932 /* PaddedTextField.swift */; };
		C194655C2C8C20AB00171932 /* CustomInputFieldView.swift in Sources */ = {isa = PBXBuildFile; fileRef = C194655B2C8C20AB00171932 /* CustomInputFieldView.swift */; };
		C19465682C8CBF6F00171932 /* HorizontalViewCell.swift in Sources */ = {isa = PBXBuildFile; fileRef = C19465672C8CBF6F00171932 /* HorizontalViewCell.swift */; };
		C1956D122CABC70600642FF8 /* TokenManager.swift in Sources */ = {isa = PBXBuildFile; fileRef = C1956D112CABC70600642FF8 /* TokenManager.swift */; };
		C196DE4D2CAD0E7E00743EFB /* GetCartResponse.swift in Sources */ = {isa = PBXBuildFile; fileRef = C196DE4C2CAD0E7E00743EFB /* GetCartResponse.swift */; };
		C1B4B94D2C8D4F8D00B4F54B /* BikeProductViewCell.swift in Sources */ = {isa = PBXBuildFile; fileRef = C1B4B94C2C8D4F8D00B4F54B /* BikeProductViewCell.swift */; };
		C1C533882C90A618000ABA71 /* HomeViewModel.swift in Sources */ = {isa = PBXBuildFile; fileRef = C1C533872C90A618000ABA71 /* HomeViewModel.swift */; };
		C1C5338A2C90A6A2000ABA71 /* Bike.swift in Sources */ = {isa = PBXBuildFile; fileRef = C1C533892C90A6A2000ABA71 /* Bike.swift */; };
		C1CDE9AD2CB520FA005B491F /* UserProfile.swift in Sources */ = {isa = PBXBuildFile; fileRef = C1CDE9AC2CB520FA005B491F /* UserProfile.swift */; };
		C1CDE9AF2CB5318B005B491F /* SignoutResponse.swift in Sources */ = {isa = PBXBuildFile; fileRef = C1CDE9AE2CB5318B005B491F /* SignoutResponse.swift */; };
		C1D1BE4E2C8E170A00E73A92 /* HeaderReusableView.swift in Sources */ = {isa = PBXBuildFile; fileRef = C1D1BE4D2C8E170900E73A92 /* HeaderReusableView.swift */; };
		C1D1BE512C8EE70D00E73A92 /* CategoryViewCell.swift in Sources */ = {isa = PBXBuildFile; fileRef = C1D1BE502C8EE70D00E73A92 /* CategoryViewCell.swift */; };
		C1DF47EB2C9C9310004F5751 /* SignUpCoordinator.swift in Sources */ = {isa = PBXBuildFile; fileRef = C1DF47EA2C9C9305004F5751 /* SignUpCoordinator.swift */; };
		C1DF47ED2C9C9379004F5751 /* SignUpViewController.swift in Sources */ = {isa = PBXBuildFile; fileRef = C1DF47EC2C9C9379004F5751 /* SignUpViewController.swift */; };
		C1EDE5A72CAB396200816876 /* AddToCartResponse.swift in Sources */ = {isa = PBXBuildFile; fileRef = C1EDE5A62CAB396200816876 /* AddToCartResponse.swift */; };
		C1EDE5A92CAB3C8000816876 /* CartRepository.swift in Sources */ = {isa = PBXBuildFile; fileRef = C1EDE5A82CAB3C7F00816876 /* CartRepository.swift */; };
		C1EDE5AB2CAB3CA700816876 /* CartNetworkRepository.swift in Sources */ = {isa = PBXBuildFile; fileRef = C1EDE5AA2CAB3CA700816876 /* CartNetworkRepository.swift */; };
		C1EDE5AD2CAB3CBA00816876 /* CartService.swift in Sources */ = {isa = PBXBuildFile; fileRef = C1EDE5AC2CAB3CBA00816876 /* CartService.swift */; };
		C1EDE5AF2CAB3D0F00816876 /* CartAPI.swift in Sources */ = {isa = PBXBuildFile; fileRef = C1EDE5AE2CAB3D0F00816876 /* CartAPI.swift */; };
		C1EE5EBC2CAE9D2F00856B94 /* EmptyStateView.swift in Sources */ = {isa = PBXBuildFile; fileRef = C1EE5EBB2CAE9D2F00856B94 /* EmptyStateView.swift */; };
		C1EE5EC32CAEB30100856B94 /* Codable + Dictionary.swift in Sources */ = {isa = PBXBuildFile; fileRef = C1EE5EBE2CAEB30100856B94 /* Codable + Dictionary.swift */; };
		C1EE5EC42CAEB30100856B94 /* CoreDataManagerError.swift in Sources */ = {isa = PBXBuildFile; fileRef = C1EE5EC12CAEB30100856B94 /* CoreDataManagerError.swift */; };
		C1EE5EC52CAEB30100856B94 /* CoreDataManager + CRUD.swift in Sources */ = {isa = PBXBuildFile; fileRef = C1EE5EC02CAEB30100856B94 /* CoreDataManager + CRUD.swift */; };
		C1EE5EC62CAEB30100856B94 /* CoreDataManager.swift in Sources */ = {isa = PBXBuildFile; fileRef = C1EE5EBF2CAEB30100856B94 /* CoreDataManager.swift */; };
/* End PBXBuildFile section */

/* Begin PBXFileReference section */
		C12251C32CB6E065001278E6 /* DatabaseService.swift */ = {isa = PBXFileReference; lastKnownFileType = sourcecode.swift; path = DatabaseService.swift; sourceTree = "<group>"; };
		C12251C62CB6EDDF001278E6 /* BikeProduct.swift */ = {isa = PBXFileReference; lastKnownFileType = sourcecode.swift; path = BikeProduct.swift; sourceTree = "<group>"; };
		C12251C82CB78D56001278E6 /* History.swift */ = {isa = PBXFileReference; lastKnownFileType = sourcecode.swift; path = History.swift; sourceTree = "<group>"; };
		C13D90C72C91EE5400430BA4 /* DetailViewController.swift */ = {isa = PBXFileReference; lastKnownFileType = sourcecode.swift; path = DetailViewController.swift; sourceTree = "<group>"; };
		C13D90C92C91EEA200430BA4 /* DetailCoordinator.swift */ = {isa = PBXFileReference; lastKnownFileType = sourcecode.swift; path = DetailCoordinator.swift; sourceTree = "<group>"; };
		C13D90D32C92183A00430BA4 /* Constants.swift */ = {isa = PBXFileReference; lastKnownFileType = sourcecode.swift; path = Constants.swift; sourceTree = "<group>"; };
		C13D90D52C9218D100430BA4 /* APIKeys.swift */ = {isa = PBXFileReference; lastKnownFileType = sourcecode.swift; path = APIKeys.swift; sourceTree = "<group>"; };
		C13D90D72C9218D700430BA4 /* AppConfig.swift */ = {isa = PBXFileReference; lastKnownFileType = sourcecode.swift; path = AppConfig.swift; sourceTree = "<group>"; };
		C13D90D92C9218E800430BA4 /* BuildConfiguration.swift */ = {isa = PBXFileReference; lastKnownFileType = sourcecode.swift; path = BuildConfiguration.swift; sourceTree = "<group>"; };
		C13D90DB2C9218F400430BA4 /* Environment.swift */ = {isa = PBXFileReference; lastKnownFileType = sourcecode.swift; path = Environment.swift; sourceTree = "<group>"; };
		C1464C532C92A96300F945BA /* CartCoordinator.swift */ = {isa = PBXFileReference; lastKnownFileType = sourcecode.swift; path = CartCoordinator.swift; sourceTree = "<group>"; };
		C1464C552C92A97900F945BA /* CartViewController.swift */ = {isa = PBXFileReference; lastKnownFileType = sourcecode.swift; path = CartViewController.swift; sourceTree = "<group>"; };
		C1464C582C92B41800F945BA /* CartViewCell.swift */ = {isa = PBXFileReference; lastKnownFileType = sourcecode.swift; path = CartViewCell.swift; sourceTree = "<group>"; };
		C147C2502CA14D6D002B88AF /* HistoryTableViewCell.swift */ = {isa = PBXFileReference; lastKnownFileType = sourcecode.swift; path = HistoryTableViewCell.swift; sourceTree = "<group>"; };
		C15B513D2CBA447500892DBD /* BikeV2.swift */ = {isa = PBXFileReference; lastKnownFileType = sourcecode.swift; path = BikeV2.swift; sourceTree = "<group>"; };
		C15B513F2CBAB40300892DBD /* Integer + Extension.swift */ = {isa = PBXFileReference; lastKnownFileType = sourcecode.swift; path = "Integer + Extension.swift"; sourceTree = "<group>"; };
		C15B51412CBAC53E00892DBD /* Double + Extension.swift */ = {isa = PBXFileReference; lastKnownFileType = sourcecode.swift; path = "Double + Extension.swift"; sourceTree = "<group>"; };
		C1705E052CA55C6D0043CE9D /* Bikes.swift */ = {isa = PBXFileReference; lastKnownFileType = sourcecode.swift; path = Bikes.swift; sourceTree = "<group>"; };
		C1705E062CA55C6D0043CE9D /* BikeAPI.swift */ = {isa = PBXFileReference; lastKnownFileType = sourcecode.swift; path = BikeAPI.swift; sourceTree = "<group>"; };
		C1705E072CA55C6D0043CE9D /* BikeNetworkRepository.swift */ = {isa = PBXFileReference; lastKnownFileType = sourcecode.swift; path = BikeNetworkRepository.swift; sourceTree = "<group>"; };
		C1705E082CA55C6D0043CE9D /* BikeRepository.swift */ = {isa = PBXFileReference; lastKnownFileType = sourcecode.swift; path = BikeRepository.swift; sourceTree = "<group>"; };
		C1705E092CA55C6D0043CE9D /* BikeService.swift */ = {isa = PBXFileReference; lastKnownFileType = sourcecode.swift; path = BikeService.swift; sourceTree = "<group>"; };
		C177238C2C951CF30078E598 /* ReadMoreTextView.swift */ = {isa = PBXFileReference; lastKnownFileType = sourcecode.swift; path = ReadMoreTextView.swift; sourceTree = "<group>"; };
		C177238E2C954E6B0078E598 /* PopUpViewController.swift */ = {isa = PBXFileReference; lastKnownFileType = sourcecode.swift; path = PopUpViewController.swift; sourceTree = "<group>"; };
		C17D7D942C975EB800868F1E /* HistoryViewController.swift */ = {isa = PBXFileReference; lastKnownFileType = sourcecode.swift; path = HistoryViewController.swift; sourceTree = "<group>"; };
		C17D7D962C975EC200868F1E /* HistoryCoordinator.swift */ = {isa = PBXFileReference; lastKnownFileType = sourcecode.swift; path = HistoryCoordinator.swift; sourceTree = "<group>"; };
		C17D7D9A2C981C8D00868F1E /* PlusJakartaSans-Bold.ttf */ = {isa = PBXFileReference; lastKnownFileType = file; path = "PlusJakartaSans-Bold.ttf"; sourceTree = "<group>"; };
		C17D7D9C2C981C9C00868F1E /* PlusJakartaSans-ExtraBold.ttf */ = {isa = PBXFileReference; lastKnownFileType = file; path = "PlusJakartaSans-ExtraBold.ttf"; sourceTree = "<group>"; };
		C17D7D9E2C981CA800868F1E /* PlusJakartaSans-ExtraLight.ttf */ = {isa = PBXFileReference; lastKnownFileType = file; path = "PlusJakartaSans-ExtraLight.ttf"; sourceTree = "<group>"; };
		C17D7DA02C981CB800868F1E /* PlusJakartaSans-Light.ttf */ = {isa = PBXFileReference; lastKnownFileType = file; path = "PlusJakartaSans-Light.ttf"; sourceTree = "<group>"; };
		C17D7DA42C981CF900868F1E /* PlusJakartaSans-Medium.ttf */ = {isa = PBXFileReference; lastKnownFileType = file; path = "PlusJakartaSans-Medium.ttf"; sourceTree = "<group>"; };
		C17D7DA62C981D0200868F1E /* PlusJakartaSans-Regular.ttf */ = {isa = PBXFileReference; lastKnownFileType = file; path = "PlusJakartaSans-Regular.ttf"; sourceTree = "<group>"; };
		C17D7DA82C981D4000868F1E /* PlusJakartaSans-SemiBold.ttf */ = {isa = PBXFileReference; lastKnownFileType = file; path = "PlusJakartaSans-SemiBold.ttf"; sourceTree = "<group>"; };
		C18F514C2C9D1A1000E60C0D /* ValidationError.swift */ = {isa = PBXFileReference; lastKnownFileType = sourcecode.swift; path = ValidationError.swift; sourceTree = "<group>"; };
		C18F514D2C9D1A1000E60C0D /* Validateable.swift */ = {isa = PBXFileReference; lastKnownFileType = sourcecode.swift; path = Validateable.swift; sourceTree = "<group>"; };
		C18F514E2C9D1A1000E60C0D /* Valueable.swift */ = {isa = PBXFileReference; lastKnownFileType = sourcecode.swift; path = Valueable.swift; sourceTree = "<group>"; };
		C18F51502C9D1A1000E60C0D /* Email.swift */ = {isa = PBXFileReference; lastKnownFileType = sourcecode.swift; path = Email.swift; sourceTree = "<group>"; };
		C18F51512C9D1A1000E60C0D /* Username.swift */ = {isa = PBXFileReference; lastKnownFileType = sourcecode.swift; path = Username.swift; sourceTree = "<group>"; };
		C18F51522C9D1A1000E60C0D /* Password.swift */ = {isa = PBXFileReference; lastKnownFileType = sourcecode.swift; path = Password.swift; sourceTree = "<group>"; };
		C18F51532C9D1A1000E60C0D /* User.swift */ = {isa = PBXFileReference; lastKnownFileType = sourcecode.swift; path = User.swift; sourceTree = "<group>"; };
		C18F51552C9D1A1000E60C0D /* SigninResponse.swift */ = {isa = PBXFileReference; lastKnownFileType = sourcecode.swift; path = SigninResponse.swift; sourceTree = "<group>"; };
		C18F51572C9D1A1000E60C0D /* AuthenticationAPI.swift */ = {isa = PBXFileReference; lastKnownFileType = sourcecode.swift; path = AuthenticationAPI.swift; sourceTree = "<group>"; };
		C18F51592C9D1A1000E60C0D /* AuthenticationService.swift */ = {isa = PBXFileReference; lastKnownFileType = sourcecode.swift; path = AuthenticationService.swift; sourceTree = "<group>"; };
		C18F515B2C9D1A1000E60C0D /* AuthenticationError.swift */ = {isa = PBXFileReference; lastKnownFileType = sourcecode.swift; path = AuthenticationError.swift; sourceTree = "<group>"; };
		C18F515C2C9D1A1000E60C0D /* AuthenticationValidationError.swift */ = {isa = PBXFileReference; lastKnownFileType = sourcecode.swift; path = AuthenticationValidationError.swift; sourceTree = "<group>"; };
		C18F515E2C9D1A1000E60C0D /* AuthenticationNetworkRepository.swift */ = {isa = PBXFileReference; lastKnownFileType = sourcecode.swift; path = AuthenticationNetworkRepository.swift; sourceTree = "<group>"; };
		C18F515F2C9D1A1000E60C0D /* AuthenticationRepository.swift */ = {isa = PBXFileReference; lastKnownFileType = sourcecode.swift; path = AuthenticationRepository.swift; sourceTree = "<group>"; };
		C18F51702C9D1AA300E60C0D /* Responseable.swift */ = {isa = PBXFileReference; lastKnownFileType = sourcecode.swift; path = Responseable.swift; sourceTree = "<group>"; };
		C18F51712C9D1AA300E60C0D /* ServerMessageError.swift */ = {isa = PBXFileReference; lastKnownFileType = sourcecode.swift; path = ServerMessageError.swift; sourceTree = "<group>"; };
		C18F51722C9D1AA300E60C0D /* API.swift */ = {isa = PBXFileReference; lastKnownFileType = sourcecode.swift; path = API.swift; sourceTree = "<group>"; };
		C18F51732C9D1AA300E60C0D /* APIManager.swift */ = {isa = PBXFileReference; lastKnownFileType = sourcecode.swift; path = APIManager.swift; sourceTree = "<group>"; };
		C18F51742C9D1AA300E60C0D /* APIService.swift */ = {isa = PBXFileReference; lastKnownFileType = sourcecode.swift; path = APIService.swift; sourceTree = "<group>"; };
		C18F51802C9E84DC00E60C0D /* SignInViewModel.swift */ = {isa = PBXFileReference; lastKnownFileType = sourcecode.swift; path = SignInViewModel.swift; sourceTree = "<group>"; };
		C18F51842C9E8D9200E60C0D /* Strings + Extension.swift */ = {isa = PBXFileReference; lastKnownFileType = sourcecode.swift; path = "Strings + Extension.swift"; sourceTree = "<group>"; };
		C18F518B2C9F341C00E60C0D /* LoadingViewController.swift */ = {isa = PBXFileReference; lastKnownFileType = sourcecode.swift; path = LoadingViewController.swift; sourceTree = "<group>"; };
		C1936FF92C898D1C00B56BA1 /* Cyclouse.app */ = {isa = PBXFileReference; explicitFileType = wrapper.application; includeInIndex = 0; path = Cyclouse.app; sourceTree = BUILT_PRODUCTS_DIR; };
		C1936FFC2C898D1C00B56BA1 /* AppDelegate.swift */ = {isa = PBXFileReference; lastKnownFileType = sourcecode.swift; path = AppDelegate.swift; sourceTree = "<group>"; };
		C1936FFE2C898D1C00B56BA1 /* SceneDelegate.swift */ = {isa = PBXFileReference; lastKnownFileType = sourcecode.swift; path = SceneDelegate.swift; sourceTree = "<group>"; };
		C19370082C898D1D00B56BA1 /* Base */ = {isa = PBXFileReference; lastKnownFileType = file.storyboard; name = Base; path = Base.lproj/LaunchScreen.storyboard; sourceTree = "<group>"; };
		C193700A2C898D1D00B56BA1 /* Info.plist */ = {isa = PBXFileReference; lastKnownFileType = text.plist.xml; path = Info.plist; sourceTree = "<group>"; };
		C19370102C8991A700B56BA1 /* Coordinator.swift */ = {isa = PBXFileReference; lastKnownFileType = sourcecode.swift; path = Coordinator.swift; sourceTree = "<group>"; };
		C19370122C89941600B56BA1 /* HandleDeepLink.swift */ = {isa = PBXFileReference; lastKnownFileType = sourcecode.swift; path = HandleDeepLink.swift; sourceTree = "<group>"; };
		C19370142C89943F00B56BA1 /* NavigationCoordinator.swift */ = {isa = PBXFileReference; lastKnownFileType = sourcecode.swift; path = NavigationCoordinator.swift; sourceTree = "<group>"; };
		C193701D2C89975A00B56BA1 /* AppCoordinator.swift */ = {isa = PBXFileReference; lastKnownFileType = sourcecode.swift; path = AppCoordinator.swift; sourceTree = "<group>"; };
		C193701F2C89988800B56BA1 /* TabbarCoordinator.swift */ = {isa = PBXFileReference; lastKnownFileType = sourcecode.swift; path = TabbarCoordinator.swift; sourceTree = "<group>"; };
		C19370222C899A0D00B56BA1 /* HomeCoordinator.swift */ = {isa = PBXFileReference; lastKnownFileType = sourcecode.swift; path = HomeCoordinator.swift; sourceTree = "<group>"; };
		C19370242C899AD300B56BA1 /* HomeViewController.swift */ = {isa = PBXFileReference; lastKnownFileType = sourcecode.swift; path = HomeViewController.swift; sourceTree = "<group>"; };
		C19370272C89A22700B56BA1 /* SignInViewController.swift */ = {isa = PBXFileReference; lastKnownFileType = sourcecode.swift; path = SignInViewController.swift; sourceTree = "<group>"; };
		C19370292C89A23100B56BA1 /* SignInCoordinator.swift */ = {isa = PBXFileReference; lastKnownFileType = sourcecode.swift; path = SignInCoordinator.swift; sourceTree = "<group>"; };
		C193702C2C89E97B00B56BA1 /* ProfileCoordinator.swift */ = {isa = PBXFileReference; lastKnownFileType = sourcecode.swift; path = ProfileCoordinator.swift; sourceTree = "<group>"; };
		C193702E2C89E98300B56BA1 /* ProfileViewController.swift */ = {isa = PBXFileReference; lastKnownFileType = sourcecode.swift; path = ProfileViewController.swift; sourceTree = "<group>"; };
		C193703B2C8A0C9400B56BA1 /* Manrope-SemiBold.ttf */ = {isa = PBXFileReference; lastKnownFileType = file; path = "Manrope-SemiBold.ttf"; sourceTree = "<group>"; };
		C193703C2C8A0C9400B56BA1 /* Manrope-Regular.ttf */ = {isa = PBXFileReference; lastKnownFileType = file; path = "Manrope-Regular.ttf"; sourceTree = "<group>"; };
		C193703D2C8A0C9400B56BA1 /* Manrope-ExtraLight.ttf */ = {isa = PBXFileReference; lastKnownFileType = file; path = "Manrope-ExtraLight.ttf"; sourceTree = "<group>"; };
		C193703E2C8A0C9400B56BA1 /* Manrope-Bold.ttf */ = {isa = PBXFileReference; lastKnownFileType = file; path = "Manrope-Bold.ttf"; sourceTree = "<group>"; };
		C193703F2C8A0C9400B56BA1 /* Manrope-Medium.ttf */ = {isa = PBXFileReference; lastKnownFileType = file; path = "Manrope-Medium.ttf"; sourceTree = "<group>"; };
		C19370402C8A0C9400B56BA1 /* Manrope-ExtraBold.ttf */ = {isa = PBXFileReference; lastKnownFileType = file; path = "Manrope-ExtraBold.ttf"; sourceTree = "<group>"; };
		C19370412C8A0C9400B56BA1 /* Manrope-Light.ttf */ = {isa = PBXFileReference; lastKnownFileType = file; path = "Manrope-Light.ttf"; sourceTree = "<group>"; };
		C19370522C8A1D7E00B56BA1 /* CommonAssets.xcassets */ = {isa = PBXFileReference; lastKnownFileType = folder.assetcatalog; path = CommonAssets.xcassets; sourceTree = "<group>"; };
		C19370552C8AB19900B56BA1 /* WishlistViewController.swift */ = {isa = PBXFileReference; lastKnownFileType = sourcecode.swift; path = WishlistViewController.swift; sourceTree = "<group>"; };
		C19370572C8AB21600B56BA1 /* WishlistCoordinator.swift */ = {isa = PBXFileReference; lastKnownFileType = sourcecode.swift; path = WishlistCoordinator.swift; sourceTree = "<group>"; };
		C19370592C8ABAEE00B56BA1 /* UIColor+Extension.swift */ = {isa = PBXFileReference; lastKnownFileType = sourcecode.swift; path = "UIColor+Extension.swift"; sourceTree = "<group>"; };
		C193705B2C8ABBAB00B56BA1 /* ThemeColor.swift */ = {isa = PBXFileReference; lastKnownFileType = sourcecode.swift; path = ThemeColor.swift; sourceTree = "<group>"; };
		C193705E2C8AE99E00B56BA1 /* OnboardingViewController.swift */ = {isa = PBXFileReference; lastKnownFileType = sourcecode.swift; path = OnboardingViewController.swift; sourceTree = "<group>"; };
		C19370602C8AE9AC00B56BA1 /* OnboardingCoordinator.swift */ = {isa = PBXFileReference; lastKnownFileType = sourcecode.swift; path = OnboardingCoordinator.swift; sourceTree = "<group>"; };
		C19370622C8B697200B56BA1 /* LabelFactory.swift */ = {isa = PBXFileReference; lastKnownFileType = sourcecode.swift; path = LabelFactory.swift; sourceTree = "<group>"; };
		C19370642C8B69ED00B56BA1 /* ThemeFont.swift */ = {isa = PBXFileReference; lastKnownFileType = sourcecode.swift; path = ThemeFont.swift; sourceTree = "<group>"; };
		C19370662C8B72BA00B56BA1 /* ButtonFactory.swift */ = {isa = PBXFileReference; lastKnownFileType = sourcecode.swift; path = ButtonFactory.swift; sourceTree = "<group>"; };
		C19370682C8B73D900B56BA1 /* UIView+Extension.swift */ = {isa = PBXFileReference; lastKnownFileType = sourcecode.swift; path = "UIView+Extension.swift"; sourceTree = "<group>"; };
		C193706A2C8B7A7B00B56BA1 /* Assets.xcassets */ = {isa = PBXFileReference; lastKnownFileType = folder.assetcatalog; path = Assets.xcassets; sourceTree = "<group>"; };
		C19465572C8C087100171932 /* PaddedTextField.swift */ = {isa = PBXFileReference; lastKnownFileType = sourcecode.swift; path = PaddedTextField.swift; sourceTree = "<group>"; };
		C194655B2C8C20AB00171932 /* CustomInputFieldView.swift */ = {isa = PBXFileReference; lastKnownFileType = sourcecode.swift; path = CustomInputFieldView.swift; sourceTree = "<group>"; };
		C19465672C8CBF6F00171932 /* HorizontalViewCell.swift */ = {isa = PBXFileReference; lastKnownFileType = sourcecode.swift; path = HorizontalViewCell.swift; sourceTree = "<group>"; };
		C1956D112CABC70600642FF8 /* TokenManager.swift */ = {isa = PBXFileReference; lastKnownFileType = sourcecode.swift; path = TokenManager.swift; sourceTree = "<group>"; };
		C196DE4C2CAD0E7E00743EFB /* GetCartResponse.swift */ = {isa = PBXFileReference; lastKnownFileType = sourcecode.swift; path = GetCartResponse.swift; sourceTree = "<group>"; };
		C1B4B94C2C8D4F8D00B4F54B /* BikeProductViewCell.swift */ = {isa = PBXFileReference; lastKnownFileType = sourcecode.swift; path = BikeProductViewCell.swift; sourceTree = "<group>"; };
		C1C533872C90A618000ABA71 /* HomeViewModel.swift */ = {isa = PBXFileReference; lastKnownFileType = sourcecode.swift; path = HomeViewModel.swift; sourceTree = "<group>"; };
		C1C533892C90A6A2000ABA71 /* Bike.swift */ = {isa = PBXFileReference; lastKnownFileType = sourcecode.swift; path = Bike.swift; sourceTree = "<group>"; };
		C1CDE9AC2CB520FA005B491F /* UserProfile.swift */ = {isa = PBXFileReference; lastKnownFileType = sourcecode.swift; path = UserProfile.swift; sourceTree = "<group>"; };
		C1CDE9AE2CB5318B005B491F /* SignoutResponse.swift */ = {isa = PBXFileReference; lastKnownFileType = sourcecode.swift; path = SignoutResponse.swift; sourceTree = "<group>"; };
		C1D1BE4D2C8E170900E73A92 /* HeaderReusableView.swift */ = {isa = PBXFileReference; lastKnownFileType = sourcecode.swift; path = HeaderReusableView.swift; sourceTree = "<group>"; };
		C1D1BE502C8EE70D00E73A92 /* CategoryViewCell.swift */ = {isa = PBXFileReference; lastKnownFileType = sourcecode.swift; path = CategoryViewCell.swift; sourceTree = "<group>"; };
		C1DF47EA2C9C9305004F5751 /* SignUpCoordinator.swift */ = {isa = PBXFileReference; lastKnownFileType = sourcecode.swift; path = SignUpCoordinator.swift; sourceTree = "<group>"; };
		C1DF47EC2C9C9379004F5751 /* SignUpViewController.swift */ = {isa = PBXFileReference; lastKnownFileType = sourcecode.swift; path = SignUpViewController.swift; sourceTree = "<group>"; };
		C1EDE5A62CAB396200816876 /* AddToCartResponse.swift */ = {isa = PBXFileReference; lastKnownFileType = sourcecode.swift; path = AddToCartResponse.swift; sourceTree = "<group>"; };
		C1EDE5A82CAB3C7F00816876 /* CartRepository.swift */ = {isa = PBXFileReference; lastKnownFileType = sourcecode.swift; path = CartRepository.swift; sourceTree = "<group>"; };
		C1EDE5AA2CAB3CA700816876 /* CartNetworkRepository.swift */ = {isa = PBXFileReference; lastKnownFileType = sourcecode.swift; path = CartNetworkRepository.swift; sourceTree = "<group>"; };
		C1EDE5AC2CAB3CBA00816876 /* CartService.swift */ = {isa = PBXFileReference; lastKnownFileType = sourcecode.swift; path = CartService.swift; sourceTree = "<group>"; };
		C1EDE5AE2CAB3D0F00816876 /* CartAPI.swift */ = {isa = PBXFileReference; lastKnownFileType = sourcecode.swift; path = CartAPI.swift; sourceTree = "<group>"; };
		C1EE5EBB2CAE9D2F00856B94 /* EmptyStateView.swift */ = {isa = PBXFileReference; lastKnownFileType = sourcecode.swift; path = EmptyStateView.swift; sourceTree = "<group>"; };
		C1EE5EBE2CAEB30100856B94 /* Codable + Dictionary.swift */ = {isa = PBXFileReference; lastKnownFileType = sourcecode.swift; path = "Codable + Dictionary.swift"; sourceTree = "<group>"; };
		C1EE5EBF2CAEB30100856B94 /* CoreDataManager.swift */ = {isa = PBXFileReference; lastKnownFileType = sourcecode.swift; path = CoreDataManager.swift; sourceTree = "<group>"; };
		C1EE5EC02CAEB30100856B94 /* CoreDataManager + CRUD.swift */ = {isa = PBXFileReference; lastKnownFileType = sourcecode.swift; path = "CoreDataManager + CRUD.swift"; sourceTree = "<group>"; };
		C1EE5EC12CAEB30100856B94 /* CoreDataManagerError.swift */ = {isa = PBXFileReference; lastKnownFileType = sourcecode.swift; path = CoreDataManagerError.swift; sourceTree = "<group>"; };
/* End PBXFileReference section */

/* Begin PBXFrameworksBuildPhase section */
		C1936FF62C898D1C00B56BA1 /* Frameworks */ = {
			isa = PBXFrameworksBuildPhase;
			buildActionMask = 2147483647;
			files = (
				C193704B2C8A133100B56BA1 /* CombineCocoa in Frameworks */,
				C151E8A72CA9B9BD000C6B73 /* Valet in Frameworks */,
				C18F517C2C9D1E4900E60C0D /* Alamofire in Frameworks */,
				C121FD482CB903BE00B4AEF5 /* EasyNotificationBadge in Frameworks */,
				C193704E2C8A137600B56BA1 /* SnapKit in Frameworks */,
				C19370512C8A140E00B56BA1 /* CombineDataSources in Frameworks */,
			);
			runOnlyForDeploymentPostprocessing = 0;
		};
/* End PBXFrameworksBuildPhase section */

/* Begin PBXGroup section */
		C12251C22CB6DF35001278E6 /* SwiftData */ = {
			isa = PBXGroup;
			children = (
				C17682752CBB8CCF00065AD5 /* Model */,
				C12251C32CB6E065001278E6 /* DatabaseService.swift */,
			);
			path = SwiftData;
			sourceTree = "<group>";
		};
		C12251C52CB6ED4A001278E6 /* Model */ = {
			isa = PBXGroup;
			children = (
				C12251C62CB6EDDF001278E6 /* BikeProduct.swift */,
				C12251C82CB78D56001278E6 /* History.swift */,
			);
			path = Model;
			sourceTree = "<group>";
		};
		C13D90C62C91EE3000430BA4 /* Detail */ = {
			isa = PBXGroup;
			children = (
				C12251C52CB6ED4A001278E6 /* Model */,
				C13D90C72C91EE5400430BA4 /* DetailViewController.swift */,
				C13D90C92C91EEA200430BA4 /* DetailCoordinator.swift */,
				C177238E2C954E6B0078E598 /* PopUpViewController.swift */,
			);
			path = Detail;
			sourceTree = "<group>";
		};
		C13D90CB2C9213B200430BA4 /* Common */ = {
			isa = PBXGroup;
			children = (
				C147C2472CA14661002B88AF /* Extensions */,
				C19370352C8A064400B56BA1 /* Network */,
				C19370342C8A063E00B56BA1 /* Protocols */,
			);
			path = Common;
			sourceTree = "<group>";
		};
		C13D90D02C92145A00430BA4 /* App */ = {
			isa = PBXGroup;
			children = (
				C13D90D22C9217FB00430BA4 /* Configurations */,
				C1936FFE2C898D1C00B56BA1 /* SceneDelegate.swift */,
				C1936FFC2C898D1C00B56BA1 /* AppDelegate.swift */,
			);
			path = App;
			sourceTree = "<group>";
		};
		C13D90D12C9214BE00430BA4 /* Coordinators */ = {
			isa = PBXGroup;
			children = (
				C193701D2C89975A00B56BA1 /* AppCoordinator.swift */,
				C193701F2C89988800B56BA1 /* TabbarCoordinator.swift */,
			);
			path = Coordinators;
			sourceTree = "<group>";
		};
		C13D90D22C9217FB00430BA4 /* Configurations */ = {
			isa = PBXGroup;
			children = (
				C13D90D32C92183A00430BA4 /* Constants.swift */,
				C13D90D52C9218D100430BA4 /* APIKeys.swift */,
				C13D90D72C9218D700430BA4 /* AppConfig.swift */,
				C13D90D92C9218E800430BA4 /* BuildConfiguration.swift */,
				C13D90DB2C9218F400430BA4 /* Environment.swift */,
			);
			path = Configurations;
			sourceTree = "<group>";
		};
		C1464C522C9230B500F945BA /* Cart */ = {
			isa = PBXGroup;
			children = (
				C1464C572C92B3F900F945BA /* Cells */,
				C1464C532C92A96300F945BA /* CartCoordinator.swift */,
				C1464C552C92A97900F945BA /* CartViewController.swift */,
			);
			path = Cart;
			sourceTree = "<group>";
		};
		C1464C572C92B3F900F945BA /* Cells */ = {
			isa = PBXGroup;
			children = (
				C1464C582C92B41800F945BA /* CartViewCell.swift */,
			);
			path = Cells;
			sourceTree = "<group>";
		};
		C147C2472CA14661002B88AF /* Extensions */ = {
			isa = PBXGroup;
			children = (
				C18F51842C9E8D9200E60C0D /* Strings + Extension.swift */,
				C15B513F2CBAB40300892DBD /* Integer + Extension.swift */,
				C15B51412CBAC53E00892DBD /* Double + Extension.swift */,
			);
			path = Extensions;
			sourceTree = "<group>";
		};
		C147C2482CA14685002B88AF /* View Model */ = {
			isa = PBXGroup;
			children = (
				C1C533872C90A618000ABA71 /* HomeViewModel.swift */,
			);
			path = "View Model";
			sourceTree = "<group>";
		};
		C147C2492CA1468E002B88AF /* View */ = {
			isa = PBXGroup;
			children = (
				C19370242C899AD300B56BA1 /* HomeViewController.swift */,
			);
			path = View;
			sourceTree = "<group>";
		};
		C147C24A2CA14696002B88AF /* Coordinator */ = {
			isa = PBXGroup;
			children = (
				C19370222C899A0D00B56BA1 /* HomeCoordinator.swift */,
			);
			path = Coordinator;
			sourceTree = "<group>";
		};
		C147C24B2CA147E8002B88AF /* View */ = {
			isa = PBXGroup;
			children = (
				C19370272C89A22700B56BA1 /* SignInViewController.swift */,
			);
			path = View;
			sourceTree = "<group>";
		};
		C147C24C2CA147F5002B88AF /* View Model */ = {
			isa = PBXGroup;
			children = (
				C18F51802C9E84DC00E60C0D /* SignInViewModel.swift */,
			);
			path = "View Model";
			sourceTree = "<group>";
		};
		C147C24E2CA14843002B88AF /* Coordinator */ = {
			isa = PBXGroup;
			children = (
				C19370292C89A23100B56BA1 /* SignInCoordinator.swift */,
			);
			path = Coordinator;
			sourceTree = "<group>";
		};
		C147C24F2CA14D59002B88AF /* Cells */ = {
			isa = PBXGroup;
			children = (
				C147C2502CA14D6D002B88AF /* HistoryTableViewCell.swift */,
			);
			path = Cells;
			sourceTree = "<group>";
		};
		C1705E042CA55C260043CE9D /* Bike */ = {
			isa = PBXGroup;
			children = (
				C17682722CBB82EC00065AD5 /* Response */,
				C17682712CBB82DB00065AD5 /* Service */,
				C17682702CBB82CA00065AD5 /* Repository */,
				C176826F2CBB82C400065AD5 /* API */,
			);
			path = Bike;
			sourceTree = "<group>";
		};
		C176826B2CBB826D00065AD5 /* Repository */ = {
			isa = PBXGroup;
			children = (
				C1EDE5A82CAB3C7F00816876 /* CartRepository.swift */,
				C1EDE5AA2CAB3CA700816876 /* CartNetworkRepository.swift */,
			);
			path = Repository;
			sourceTree = "<group>";
		};
		C176826C2CBB827900065AD5 /* Service */ = {
			isa = PBXGroup;
			children = (
				C1EDE5AC2CAB3CBA00816876 /* CartService.swift */,
			);
			path = Service;
			sourceTree = "<group>";
		};
		C176826D2CBB829200065AD5 /* Response */ = {
			isa = PBXGroup;
			children = (
				C196DE4C2CAD0E7E00743EFB /* GetCartResponse.swift */,
				C1EDE5A62CAB396200816876 /* AddToCartResponse.swift */,
			);
			path = Response;
			sourceTree = "<group>";
		};
		C176826E2CBB82B200065AD5 /* API */ = {
			isa = PBXGroup;
			children = (
				C1EDE5AE2CAB3D0F00816876 /* CartAPI.swift */,
			);
			path = API;
			sourceTree = "<group>";
		};
		C176826F2CBB82C400065AD5 /* API */ = {
			isa = PBXGroup;
			children = (
				C1705E062CA55C6D0043CE9D /* BikeAPI.swift */,
			);
			path = API;
			sourceTree = "<group>";
		};
		C17682702CBB82CA00065AD5 /* Repository */ = {
			isa = PBXGroup;
			children = (
				C1705E082CA55C6D0043CE9D /* BikeRepository.swift */,
				C1705E072CA55C6D0043CE9D /* BikeNetworkRepository.swift */,
			);
			path = Repository;
			sourceTree = "<group>";
		};
		C17682712CBB82DB00065AD5 /* Service */ = {
			isa = PBXGroup;
			children = (
				C1705E092CA55C6D0043CE9D /* BikeService.swift */,
			);
			path = Service;
			sourceTree = "<group>";
		};
		C17682722CBB82EC00065AD5 /* Response */ = {
			isa = PBXGroup;
			children = (
				C1705E052CA55C6D0043CE9D /* Bikes.swift */,
			);
			path = Response;
			sourceTree = "<group>";
		};
		C17682732CBB860D00065AD5 /* Persistance */ = {
			isa = PBXGroup;
			children = (
				C12251C22CB6DF35001278E6 /* SwiftData */,
				C1EE5EC22CAEB30100856B94 /* CoreData */,
			);
			path = Persistance;
			sourceTree = "<group>";
		};
		C17682742CBB86EA00065AD5 /* Manager */ = {
			isa = PBXGroup;
			children = (
				C1956D112CABC70600642FF8 /* TokenManager.swift */,
			);
			path = Manager;
			sourceTree = "<group>";
		};
		C17682752CBB8CCF00065AD5 /* Model */ = {
			isa = PBXGroup;
			children = (
				C1C533892C90A6A2000ABA71 /* Bike.swift */,
				C15B513D2CBA447500892DBD /* BikeV2.swift */,
			);
			path = Model;
			sourceTree = "<group>";
		};
		C17D7D932C975EA200868F1E /* History */ = {
			isa = PBXGroup;
			children = (
				C147C24F2CA14D59002B88AF /* Cells */,
				C17D7D942C975EB800868F1E /* HistoryViewController.swift */,
				C17D7D962C975EC200868F1E /* HistoryCoordinator.swift */,
			);
			path = History;
			sourceTree = "<group>";
		};
		C17D7D982C981C5200868F1E /* Manrope */ = {
			isa = PBXGroup;
			children = (
				C193703E2C8A0C9400B56BA1 /* Manrope-Bold.ttf */,
				C19370402C8A0C9400B56BA1 /* Manrope-ExtraBold.ttf */,
				C193703D2C8A0C9400B56BA1 /* Manrope-ExtraLight.ttf */,
				C19370412C8A0C9400B56BA1 /* Manrope-Light.ttf */,
				C193703F2C8A0C9400B56BA1 /* Manrope-Medium.ttf */,
				C193703C2C8A0C9400B56BA1 /* Manrope-Regular.ttf */,
				C193703B2C8A0C9400B56BA1 /* Manrope-SemiBold.ttf */,
			);
			path = Manrope;
			sourceTree = "<group>";
		};
		C17D7D992C981C5F00868F1E /* Plus Jakarta Sans */ = {
			isa = PBXGroup;
			children = (
				C17D7D9C2C981C9C00868F1E /* PlusJakartaSans-ExtraBold.ttf */,
				C17D7D9E2C981CA800868F1E /* PlusJakartaSans-ExtraLight.ttf */,
				C17D7DA42C981CF900868F1E /* PlusJakartaSans-Medium.ttf */,
				C17D7DA02C981CB800868F1E /* PlusJakartaSans-Light.ttf */,
				C17D7DA62C981D0200868F1E /* PlusJakartaSans-Regular.ttf */,
				C17D7DA82C981D4000868F1E /* PlusJakartaSans-SemiBold.ttf */,
				C17D7D9A2C981C8D00868F1E /* PlusJakartaSans-Bold.ttf */,
			);
			path = "Plus Jakarta Sans";
			sourceTree = "<group>";
		};
		C18F514F2C9D1A1000E60C0D /* SubDomain */ = {
			isa = PBXGroup;
			children = (
				C18F514C2C9D1A1000E60C0D /* ValidationError.swift */,
				C18F514D2C9D1A1000E60C0D /* Validateable.swift */,
				C18F514E2C9D1A1000E60C0D /* Valueable.swift */,
			);
			path = SubDomain;
			sourceTree = "<group>";
		};
		C18F51542C9D1A1000E60C0D /* Domain */ = {
			isa = PBXGroup;
			children = (
				C18F514F2C9D1A1000E60C0D /* SubDomain */,
				C18F51502C9D1A1000E60C0D /* Email.swift */,
				C18F51512C9D1A1000E60C0D /* Username.swift */,
				C18F51522C9D1A1000E60C0D /* Password.swift */,
				C18F51532C9D1A1000E60C0D /* User.swift */,
			);
			path = Domain;
			sourceTree = "<group>";
		};
		C18F51562C9D1A1000E60C0D /* Response */ = {
			isa = PBXGroup;
			children = (
				C18F51552C9D1A1000E60C0D /* SigninResponse.swift */,
				C1CDE9AE2CB5318B005B491F /* SignoutResponse.swift */,
			);
			path = Response;
			sourceTree = "<group>";
		};
		C18F51582C9D1A1000E60C0D /* API */ = {
			isa = PBXGroup;
			children = (
				C18F51572C9D1A1000E60C0D /* AuthenticationAPI.swift */,
			);
			path = API;
			sourceTree = "<group>";
		};
		C18F515A2C9D1A1000E60C0D /* Service */ = {
			isa = PBXGroup;
			children = (
				C18F51592C9D1A1000E60C0D /* AuthenticationService.swift */,
			);
			path = Service;
			sourceTree = "<group>";
		};
		C18F515D2C9D1A1000E60C0D /* Error */ = {
			isa = PBXGroup;
			children = (
				C18F515B2C9D1A1000E60C0D /* AuthenticationError.swift */,
				C18F515C2C9D1A1000E60C0D /* AuthenticationValidationError.swift */,
			);
			path = Error;
			sourceTree = "<group>";
		};
		C18F51602C9D1A1000E60C0D /* Repository */ = {
			isa = PBXGroup;
			children = (
				C18F515E2C9D1A1000E60C0D /* AuthenticationNetworkRepository.swift */,
				C18F515F2C9D1A1000E60C0D /* AuthenticationRepository.swift */,
			);
			path = Repository;
			sourceTree = "<group>";
		};
		C18F51612C9D1A1000E60C0D /* Authentication */ = {
			isa = PBXGroup;
			children = (
				C18F51542C9D1A1000E60C0D /* Domain */,
				C18F51562C9D1A1000E60C0D /* Response */,
				C18F51582C9D1A1000E60C0D /* API */,
				C18F515A2C9D1A1000E60C0D /* Service */,
				C18F515D2C9D1A1000E60C0D /* Error */,
				C18F51602C9D1A1000E60C0D /* Repository */,
			);
			path = Authentication;
			sourceTree = "<group>";
		};
		C1936FF02C898D1C00B56BA1 = {
			isa = PBXGroup;
			children = (
				C1936FFB2C898D1C00B56BA1 /* Cyclouse */,
				C1936FFA2C898D1C00B56BA1 /* Products */,
			);
			sourceTree = "<group>";
		};
		C1936FFA2C898D1C00B56BA1 /* Products */ = {
			isa = PBXGroup;
			children = (
				C1936FF92C898D1C00B56BA1 /* Cyclouse.app */,
			);
			name = Products;
			sourceTree = "<group>";
		};
		C1936FFB2C898D1C00B56BA1 /* Cyclouse */ = {
			isa = PBXGroup;
			children = (
				C19370382C8A09A000B56BA1 /* Resources */,
				C19370162C89960700B56BA1 /* Core */,
				C193701A2C89967D00B56BA1 /* UICore */,
				C19370192C89967800B56BA1 /* UIComponent */,
				C19370182C89967300B56BA1 /* Services */,
				C19370172C89960F00B56BA1 /* Features */,
				C193700A2C898D1D00B56BA1 /* Info.plist */,
				C1CDE9AC2CB520FA005B491F /* UserProfile.swift */,
			);
			path = Cyclouse;
			sourceTree = "<group>";
		};
		C19370162C89960700B56BA1 /* Core */ = {
			isa = PBXGroup;
			children = (
				C13D90D12C9214BE00430BA4 /* Coordinators */,
				C13D90D02C92145A00430BA4 /* App */,
				C13D90CB2C9213B200430BA4 /* Common */,
			);
			path = Core;
			sourceTree = "<group>";
		};
		C19370172C89960F00B56BA1 /* Features */ = {
			isa = PBXGroup;
			children = (
				C1DF47E92C9C92C4004F5751 /* SignUp */,
				C17D7D932C975EA200868F1E /* History */,
				C1464C522C9230B500F945BA /* Cart */,
				C193702B2C89E97200B56BA1 /* Profile */,
				C13D90C62C91EE3000430BA4 /* Detail */,
				C193705D2C8AE99200B56BA1 /* Onboarding */,
				C19370542C8AB16100B56BA1 /* Wishlist */,
				C19370262C89A21C00B56BA1 /* SignIn */,
				C19370212C899A0300B56BA1 /* Home */,
			);
			path = Features;
			sourceTree = "<group>";
		};
		C19370182C89967300B56BA1 /* Services */ = {
			isa = PBXGroup;
			children = (
				C17682742CBB86EA00065AD5 /* Manager */,
				C17682732CBB860D00065AD5 /* Persistance */,
				C1EDE5A52CAB394F00816876 /* Cart */,
				C18F51612C9D1A1000E60C0D /* Authentication */,
				C1705E042CA55C260043CE9D /* Bike */,
			);
			path = Services;
			sourceTree = "<group>";
		};
		C19370192C89967800B56BA1 /* UIComponent */ = {
			isa = PBXGroup;
			children = (
				C19465622C8C488100171932 /* Views */,
				C19465612C8C47DC00171932 /* Controls */,
				C19465602C8C47D200171932 /* Factories */,
			);
			path = UIComponent;
			sourceTree = "<group>";
		};
		C193701A2C89967D00B56BA1 /* UICore */ = {
			isa = PBXGroup;
			children = (
				C19370332C8A063200B56BA1 /* Common */,
			);
			path = UICore;
			sourceTree = "<group>";
		};
		C19370212C899A0300B56BA1 /* Home */ = {
			isa = PBXGroup;
			children = (
				C1C533862C90A599000ABA71 /* Model */,
				C147C2492CA1468E002B88AF /* View */,
				C147C2482CA14685002B88AF /* View Model */,
				C147C24A2CA14696002B88AF /* Coordinator */,
				C1D1BE4F2C8EE6F600E73A92 /* Cells */,
			);
			path = Home;
			sourceTree = "<group>";
		};
		C19370262C89A21C00B56BA1 /* SignIn */ = {
			isa = PBXGroup;
			children = (
				C147C24B2CA147E8002B88AF /* View */,
				C147C24C2CA147F5002B88AF /* View Model */,
				C147C24E2CA14843002B88AF /* Coordinator */,
			);
			path = SignIn;
			sourceTree = "<group>";
		};
		C193702B2C89E97200B56BA1 /* Profile */ = {
			isa = PBXGroup;
			children = (
				C193702C2C89E97B00B56BA1 /* ProfileCoordinator.swift */,
				C193702E2C89E98300B56BA1 /* ProfileViewController.swift */,
			);
			path = Profile;
			sourceTree = "<group>";
		};
		C19370332C8A063200B56BA1 /* Common */ = {
			isa = PBXGroup;
			children = (
				C194655E2C8C430B00171932 /* Styles */,
				C19370522C8A1D7E00B56BA1 /* CommonAssets.xcassets */,
				C194655D2C8C42FA00171932 /* Extensions */,
			);
			path = Common;
			sourceTree = "<group>";
		};
		C19370342C8A063E00B56BA1 /* Protocols */ = {
			isa = PBXGroup;
			children = (
				C19370102C8991A700B56BA1 /* Coordinator.swift */,
				C19370122C89941600B56BA1 /* HandleDeepLink.swift */,
				C19370142C89943F00B56BA1 /* NavigationCoordinator.swift */,
			);
			path = Protocols;
			sourceTree = "<group>";
		};
		C19370352C8A064400B56BA1 /* Network */ = {
			isa = PBXGroup;
			children = (
				C18F51702C9D1AA300E60C0D /* Responseable.swift */,
				C18F51712C9D1AA300E60C0D /* ServerMessageError.swift */,
				C18F51722C9D1AA300E60C0D /* API.swift */,
				C18F51732C9D1AA300E60C0D /* APIManager.swift */,
				C18F51742C9D1AA300E60C0D /* APIService.swift */,
			);
			path = Network;
			sourceTree = "<group>";
		};
		C19370382C8A09A000B56BA1 /* Resources */ = {
			isa = PBXGroup;
			children = (
				C193706A2C8B7A7B00B56BA1 /* Assets.xcassets */,
				C19370072C898D1D00B56BA1 /* LaunchScreen.storyboard */,
				C193703A2C8A09AD00B56BA1 /* Images */,
				C19370392C8A09A700B56BA1 /* Fonts */,
			);
			path = Resources;
			sourceTree = "<group>";
		};
		C19370392C8A09A700B56BA1 /* Fonts */ = {
			isa = PBXGroup;
			children = (
				C17D7D992C981C5F00868F1E /* Plus Jakarta Sans */,
				C17D7D982C981C5200868F1E /* Manrope */,
			);
			path = Fonts;
			sourceTree = "<group>";
		};
		C193703A2C8A09AD00B56BA1 /* Images */ = {
			isa = PBXGroup;
			children = (
			);
			path = Images;
			sourceTree = "<group>";
		};
		C19370542C8AB16100B56BA1 /* Wishlist */ = {
			isa = PBXGroup;
			children = (
				C19370552C8AB19900B56BA1 /* WishlistViewController.swift */,
				C19370572C8AB21600B56BA1 /* WishlistCoordinator.swift */,
			);
			path = Wishlist;
			sourceTree = "<group>";
		};
		C193705D2C8AE99200B56BA1 /* Onboarding */ = {
			isa = PBXGroup;
			children = (
				C193705E2C8AE99E00B56BA1 /* OnboardingViewController.swift */,
				C19370602C8AE9AC00B56BA1 /* OnboardingCoordinator.swift */,
			);
			path = Onboarding;
			sourceTree = "<group>";
		};
		C194655D2C8C42FA00171932 /* Extensions */ = {
			isa = PBXGroup;
			children = (
				C19370592C8ABAEE00B56BA1 /* UIColor+Extension.swift */,
				C19370682C8B73D900B56BA1 /* UIView+Extension.swift */,
			);
			path = Extensions;
			sourceTree = "<group>";
		};
		C194655E2C8C430B00171932 /* Styles */ = {
			isa = PBXGroup;
			children = (
				C193705B2C8ABBAB00B56BA1 /* ThemeColor.swift */,
				C19370642C8B69ED00B56BA1 /* ThemeFont.swift */,
			);
			path = Styles;
			sourceTree = "<group>";
		};
		C19465602C8C47D200171932 /* Factories */ = {
			isa = PBXGroup;
			children = (
				C19370622C8B697200B56BA1 /* LabelFactory.swift */,
				C19370662C8B72BA00B56BA1 /* ButtonFactory.swift */,
			);
			path = Factories;
			sourceTree = "<group>";
		};
		C19465612C8C47DC00171932 /* Controls */ = {
			isa = PBXGroup;
			children = (
				C19465572C8C087100171932 /* PaddedTextField.swift */,
			);
			path = Controls;
			sourceTree = "<group>";
		};
		C19465622C8C488100171932 /* Views */ = {
			isa = PBXGroup;
			children = (
				C18F518B2C9F341C00E60C0D /* LoadingViewController.swift */,
				C194655B2C8C20AB00171932 /* CustomInputFieldView.swift */,
				C177238C2C951CF30078E598 /* ReadMoreTextView.swift */,
				C1EE5EBB2CAE9D2F00856B94 /* EmptyStateView.swift */,
				C19465662C8CBEC200171932 /* SharedCells */,
			);
			path = Views;
			sourceTree = "<group>";
		};
		C19465662C8CBEC200171932 /* SharedCells */ = {
			isa = PBXGroup;
			children = (
				C19465672C8CBF6F00171932 /* HorizontalViewCell.swift */,
				C1B4B94C2C8D4F8D00B4F54B /* BikeProductViewCell.swift */,
				C1D1BE4D2C8E170900E73A92 /* HeaderReusableView.swift */,
			);
			path = SharedCells;
			sourceTree = "<group>";
		};
		C1C533862C90A599000ABA71 /* Model */ = {
			isa = PBXGroup;
			children = (
			);
			path = Model;
			sourceTree = "<group>";
		};
		C1D1BE4F2C8EE6F600E73A92 /* Cells */ = {
			isa = PBXGroup;
			children = (
				C1D1BE502C8EE70D00E73A92 /* CategoryViewCell.swift */,
			);
			path = Cells;
			sourceTree = "<group>";
		};
		C1DF47E92C9C92C4004F5751 /* SignUp */ = {
			isa = PBXGroup;
			children = (
				C1DF47EA2C9C9305004F5751 /* SignUpCoordinator.swift */,
				C1DF47EC2C9C9379004F5751 /* SignUpViewController.swift */,
			);
			path = SignUp;
			sourceTree = "<group>";
		};
		C1EDE5A52CAB394F00816876 /* Cart */ = {
			isa = PBXGroup;
			children = (
				C176826E2CBB82B200065AD5 /* API */,
				C176826D2CBB829200065AD5 /* Response */,
				C176826C2CBB827900065AD5 /* Service */,
				C176826B2CBB826D00065AD5 /* Repository */,
			);
			path = Cart;
			sourceTree = "<group>";
		};
		C1EE5EC22CAEB30100856B94 /* CoreData */ = {
			isa = PBXGroup;
			children = (
				C1EE5EBE2CAEB30100856B94 /* Codable + Dictionary.swift */,
				C1EE5EBF2CAEB30100856B94 /* CoreDataManager.swift */,
				C1EE5EC02CAEB30100856B94 /* CoreDataManager + CRUD.swift */,
				C1EE5EC12CAEB30100856B94 /* CoreDataManagerError.swift */,
			);
			path = CoreData;
			sourceTree = "<group>";
		};
/* End PBXGroup section */

/* Begin PBXNativeTarget section */
		C1936FF82C898D1C00B56BA1 /* Cyclouse */ = {
			isa = PBXNativeTarget;
			buildConfigurationList = C193700D2C898D1D00B56BA1 /* Build configuration list for PBXNativeTarget "Cyclouse" */;
			buildPhases = (
				C1936FF52C898D1C00B56BA1 /* Sources */,
				C1936FF62C898D1C00B56BA1 /* Frameworks */,
				C1936FF72C898D1C00B56BA1 /* Resources */,
			);
			buildRules = (
			);
			dependencies = (
			);
			name = Cyclouse;
			packageProductDependencies = (
				C193704A2C8A133100B56BA1 /* CombineCocoa */,
				C193704D2C8A137600B56BA1 /* SnapKit */,
				C19370502C8A140E00B56BA1 /* CombineDataSources */,
				C18F517B2C9D1E4900E60C0D /* Alamofire */,
				C151E8A62CA9B9BD000C6B73 /* Valet */,
				C121FD472CB903BE00B4AEF5 /* EasyNotificationBadge */,
			);
			productName = Cyclouse;
			productReference = C1936FF92C898D1C00B56BA1 /* Cyclouse.app */;
			productType = "com.apple.product-type.application";
		};
/* End PBXNativeTarget section */

/* Begin PBXProject section */
		C1936FF12C898D1C00B56BA1 /* Project object */ = {
			isa = PBXProject;
			attributes = {
				BuildIndependentTargetsInParallel = 1;
				LastSwiftUpdateCheck = 1540;
				LastUpgradeCheck = 1540;
				TargetAttributes = {
					C1936FF82C898D1C00B56BA1 = {
						CreatedOnToolsVersion = 15.4;
					};
				};
			};
			buildConfigurationList = C1936FF42C898D1C00B56BA1 /* Build configuration list for PBXProject "Cyclouse" */;
			compatibilityVersion = "Xcode 14.0";
			developmentRegion = en;
			hasScannedForEncodings = 0;
			knownRegions = (
				en,
				Base,
			);
			mainGroup = C1936FF02C898D1C00B56BA1;
			packageReferences = (
				C19370492C8A133000B56BA1 /* XCRemoteSwiftPackageReference "CombineCocoa" */,
				C193704C2C8A137600B56BA1 /* XCRemoteSwiftPackageReference "SnapKit" */,
				C193704F2C8A140E00B56BA1 /* XCRemoteSwiftPackageReference "CombineDataSources" */,
				C18F517A2C9D1E4900E60C0D /* XCRemoteSwiftPackageReference "Alamofire" */,
				C151E8A52CA9B9BD000C6B73 /* XCRemoteSwiftPackageReference "Valet" */,
				C121FD462CB903BE00B4AEF5 /* XCRemoteSwiftPackageReference "EasyNotificationBadge" */,
			);
			productRefGroup = C1936FFA2C898D1C00B56BA1 /* Products */;
			projectDirPath = "";
			projectRoot = "";
			targets = (
				C1936FF82C898D1C00B56BA1 /* Cyclouse */,
			);
		};
/* End PBXProject section */

/* Begin PBXResourcesBuildPhase section */
		C1936FF72C898D1C00B56BA1 /* Resources */ = {
			isa = PBXResourcesBuildPhase;
			buildActionMask = 2147483647;
			files = (
				C19370432C8A0C9400B56BA1 /* Manrope-Regular.ttf in Resources */,
				C19370532C8A1D7E00B56BA1 /* CommonAssets.xcassets in Resources */,
				C19370422C8A0C9400B56BA1 /* Manrope-SemiBold.ttf in Resources */,
				C17D7D9B2C981C8D00868F1E /* PlusJakartaSans-Bold.ttf in Resources */,
				C19370462C8A0C9400B56BA1 /* Manrope-Medium.ttf in Resources */,
				C193706B2C8B7A7B00B56BA1 /* Assets.xcassets in Resources */,
				C17D7DA92C981D4000868F1E /* PlusJakartaSans-SemiBold.ttf in Resources */,
				C17D7D9D2C981C9C00868F1E /* PlusJakartaSans-ExtraBold.ttf in Resources */,
				C17D7DA52C981CF900868F1E /* PlusJakartaSans-Medium.ttf in Resources */,
				C19370092C898D1D00B56BA1 /* Base in Resources */,
				C19370472C8A0C9400B56BA1 /* Manrope-ExtraBold.ttf in Resources */,
				C17D7DA12C981CB900868F1E /* PlusJakartaSans-Light.ttf in Resources */,
				C19370452C8A0C9400B56BA1 /* Manrope-Bold.ttf in Resources */,
				C17D7D9F2C981CA800868F1E /* PlusJakartaSans-ExtraLight.ttf in Resources */,
				C17D7DA72C981D0200868F1E /* PlusJakartaSans-Regular.ttf in Resources */,
				C19370482C8A0C9400B56BA1 /* Manrope-Light.ttf in Resources */,
				C19370442C8A0C9400B56BA1 /* Manrope-ExtraLight.ttf in Resources */,
			);
			runOnlyForDeploymentPostprocessing = 0;
		};
/* End PBXResourcesBuildPhase section */

/* Begin PBXSourcesBuildPhase section */
		C1936FF52C898D1C00B56BA1 /* Sources */ = {
			isa = PBXSourcesBuildPhase;
			buildActionMask = 2147483647;
			files = (
				C1DF47ED2C9C9379004F5751 /* SignUpViewController.swift in Sources */,
				C19370582C8AB21600B56BA1 /* WishlistCoordinator.swift in Sources */,
				C18F51852C9E8D9200E60C0D /* Strings + Extension.swift in Sources */,
				C13D90D42C92183A00430BA4 /* Constants.swift in Sources */,
				C19370282C89A22700B56BA1 /* SignInViewController.swift in Sources */,
				C19370112C8991A700B56BA1 /* Coordinator.swift in Sources */,
				C13D90CA2C91EEA200430BA4 /* DetailCoordinator.swift in Sources */,
				C19370652C8B69ED00B56BA1 /* ThemeFont.swift in Sources */,
				C1EDE5A92CAB3C8000816876 /* CartRepository.swift in Sources */,
				C18F51622C9D1A1000E60C0D /* Email.swift in Sources */,
				C18F51632C9D1A1000E60C0D /* Password.swift in Sources */,
				C18F51642C9D1A1000E60C0D /* Username.swift in Sources */,
				C18F51652C9D1A1000E60C0D /* AuthenticationService.swift in Sources */,
				C18F51662C9D1A1000E60C0D /* ValidationError.swift in Sources */,
				C18F51672C9D1A1000E60C0D /* AuthenticationValidationError.swift in Sources */,
				C18F51752C9D1AA300E60C0D /* Responseable.swift in Sources */,
				C18F51762C9D1AA300E60C0D /* ServerMessageError.swift in Sources */,
				C18F51772C9D1AA300E60C0D /* APIService.swift in Sources */,
				C18F51782C9D1AA300E60C0D /* APIManager.swift in Sources */,
				C18F51792C9D1AA300E60C0D /* API.swift in Sources */,
				C18F51682C9D1A1000E60C0D /* AuthenticationError.swift in Sources */,
				C18F51692C9D1A1000E60C0D /* Validateable.swift in Sources */,
				C1EDE5AD2CAB3CBA00816876 /* CartService.swift in Sources */,
				C18F516A2C9D1A1000E60C0D /* User.swift in Sources */,
				C18F516B2C9D1A1000E60C0D /* Valueable.swift in Sources */,
				C196DE4D2CAD0E7E00743EFB /* GetCartResponse.swift in Sources */,
				C18F516C2C9D1A1000E60C0D /* AuthenticationNetworkRepository.swift in Sources */,
				C18F516D2C9D1A1000E60C0D /* SigninResponse.swift in Sources */,
				C18F516E2C9D1A1000E60C0D /* AuthenticationRepository.swift in Sources */,
				C18F516F2C9D1A1000E60C0D /* AuthenticationAPI.swift in Sources */,
				C1EDE5AB2CAB3CA700816876 /* CartNetworkRepository.swift in Sources */,
				C13D90DA2C9218E800430BA4 /* BuildConfiguration.swift in Sources */,
				C19370232C899A0D00B56BA1 /* HomeCoordinator.swift in Sources */,
				C18F51812C9E84DC00E60C0D /* SignInViewModel.swift in Sources */,
				C1D1BE512C8EE70D00E73A92 /* CategoryViewCell.swift in Sources */,
				C19370562C8AB19900B56BA1 /* WishlistViewController.swift in Sources */,
				C12251C42CB6E065001278E6 /* DatabaseService.swift in Sources */,
				C13D90D82C9218D700430BA4 /* AppConfig.swift in Sources */,
				C18F518C2C9F341C00E60C0D /* LoadingViewController.swift in Sources */,
				C13D90C82C91EE5400430BA4 /* DetailViewController.swift in Sources */,
				C1EDE5A72CAB396200816876 /* AddToCartResponse.swift in Sources */,
				C1464C562C92A97900F945BA /* CartViewController.swift in Sources */,
				C193702F2C89E98300B56BA1 /* ProfileViewController.swift in Sources */,
				C193705C2C8ABBAB00B56BA1 /* ThemeColor.swift in Sources */,
				C193705F2C8AE99E00B56BA1 /* OnboardingViewController.swift in Sources */,
				C13D90DC2C9218F400430BA4 /* Environment.swift in Sources */,
				C15B513E2CBA447500892DBD /* BikeV2.swift in Sources */,
				C1EDE5AF2CAB3D0F00816876 /* CartAPI.swift in Sources */,
				C19370202C89988800B56BA1 /* TabbarCoordinator.swift in Sources */,
				C1956D122CABC70600642FF8 /* TokenManager.swift in Sources */,
				C1D1BE4E2C8E170A00E73A92 /* HeaderReusableView.swift in Sources */,
				C19370692C8B73D900B56BA1 /* UIView+Extension.swift in Sources */,
				C13D90D62C9218D100430BA4 /* APIKeys.swift in Sources */,
				C15B51422CBAC53E00892DBD /* Double + Extension.swift in Sources */,
				C147C2512CA14D6D002B88AF /* HistoryTableViewCell.swift in Sources */,
				C1CDE9AF2CB5318B005B491F /* SignoutResponse.swift in Sources */,
				C1C533882C90A618000ABA71 /* HomeViewModel.swift in Sources */,
				C19465682C8CBF6F00171932 /* HorizontalViewCell.swift in Sources */,
				C177238F2C954E6B0078E598 /* PopUpViewController.swift in Sources */,
				C1DF47EB2C9C9310004F5751 /* SignUpCoordinator.swift in Sources */,
				C19370132C89941600B56BA1 /* HandleDeepLink.swift in Sources */,
				C15B51402CBAB40300892DBD /* Integer + Extension.swift in Sources */,
				C177238D2C951CF30078E598 /* ReadMoreTextView.swift in Sources */,
				C19370252C899AD300B56BA1 /* HomeViewController.swift in Sources */,
				C17D7D952C975EB800868F1E /* HistoryViewController.swift in Sources */,
				C1CDE9AD2CB520FA005B491F /* UserProfile.swift in Sources */,
				C194655C2C8C20AB00171932 /* CustomInputFieldView.swift in Sources */,
				C1EE5EBC2CAE9D2F00856B94 /* EmptyStateView.swift in Sources */,
				C17D7D972C975EC200868F1E /* HistoryCoordinator.swift in Sources */,
				C1705E0A2CA55C6D0043CE9D /* Bikes.swift in Sources */,
				C1705E0B2CA55C6D0043CE9D /* BikeNetworkRepository.swift in Sources */,
				C1705E0C2CA55C6D0043CE9D /* BikeService.swift in Sources */,
				C1705E0D2CA55C6D0043CE9D /* BikeRepository.swift in Sources */,
				C1705E0E2CA55C6D0043CE9D /* BikeAPI.swift in Sources */,
				C19370672C8B72BA00B56BA1 /* ButtonFactory.swift in Sources */,
				C193705A2C8ABAEE00B56BA1 /* UIColor+Extension.swift in Sources */,
				C19370612C8AE9AC00B56BA1 /* OnboardingCoordinator.swift in Sources */,
				C19370632C8B697200B56BA1 /* LabelFactory.swift in Sources */,
				C1936FFD2C898D1C00B56BA1 /* AppDelegate.swift in Sources */,
				C1EE5EC32CAEB30100856B94 /* Codable + Dictionary.swift in Sources */,
				C1EE5EC42CAEB30100856B94 /* CoreDataManagerError.swift in Sources */,
				C1EE5EC52CAEB30100856B94 /* CoreDataManager + CRUD.swift in Sources */,
				C1EE5EC62CAEB30100856B94 /* CoreDataManager.swift in Sources */,
				C193702D2C89E97B00B56BA1 /* ProfileCoordinator.swift in Sources */,
				C1464C592C92B41800F945BA /* CartViewCell.swift in Sources */,
				C12251C92CB78D56001278E6 /* History.swift in Sources */,
				C19465582C8C087100171932 /* PaddedTextField.swift in Sources */,
				C12251C72CB6EDDF001278E6 /* BikeProduct.swift in Sources */,
				C1B4B94D2C8D4F8D00B4F54B /* BikeProductViewCell.swift in Sources */,
				C1C5338A2C90A6A2000ABA71 /* Bike.swift in Sources */,
				C1464C542C92A96300F945BA /* CartCoordinator.swift in Sources */,
				C19370152C89943F00B56BA1 /* NavigationCoordinator.swift in Sources */,
				C1936FFF2C898D1C00B56BA1 /* SceneDelegate.swift in Sources */,
				C193702A2C89A23100B56BA1 /* SignInCoordinator.swift in Sources */,
				C193701E2C89975A00B56BA1 /* AppCoordinator.swift in Sources */,
			);
			runOnlyForDeploymentPostprocessing = 0;
		};
/* End PBXSourcesBuildPhase section */

/* Begin PBXVariantGroup section */
		C19370072C898D1D00B56BA1 /* LaunchScreen.storyboard */ = {
			isa = PBXVariantGroup;
			children = (
				C19370082C898D1D00B56BA1 /* Base */,
			);
			name = LaunchScreen.storyboard;
			sourceTree = "<group>";
		};
/* End PBXVariantGroup section */

/* Begin XCBuildConfiguration section */
		C193700B2C898D1D00B56BA1 /* Debug */ = {
			isa = XCBuildConfiguration;
			buildSettings = {
				ALWAYS_SEARCH_USER_PATHS = NO;
				ASSETCATALOG_COMPILER_GENERATE_SWIFT_ASSET_SYMBOL_EXTENSIONS = YES;
				CLANG_ANALYZER_NONNULL = YES;
				CLANG_ANALYZER_NUMBER_OBJECT_CONVERSION = YES_AGGRESSIVE;
				CLANG_CXX_LANGUAGE_STANDARD = "gnu++20";
				CLANG_ENABLE_MODULES = YES;
				CLANG_ENABLE_OBJC_ARC = YES;
				CLANG_ENABLE_OBJC_WEAK = YES;
				CLANG_WARN_BLOCK_CAPTURE_AUTORELEASING = YES;
				CLANG_WARN_BOOL_CONVERSION = YES;
				CLANG_WARN_COMMA = YES;
				CLANG_WARN_CONSTANT_CONVERSION = YES;
				CLANG_WARN_DEPRECATED_OBJC_IMPLEMENTATIONS = YES;
				CLANG_WARN_DIRECT_OBJC_ISA_USAGE = YES_ERROR;
				CLANG_WARN_DOCUMENTATION_COMMENTS = YES;
				CLANG_WARN_EMPTY_BODY = YES;
				CLANG_WARN_ENUM_CONVERSION = YES;
				CLANG_WARN_INFINITE_RECURSION = YES;
				CLANG_WARN_INT_CONVERSION = YES;
				CLANG_WARN_NON_LITERAL_NULL_CONVERSION = YES;
				CLANG_WARN_OBJC_IMPLICIT_RETAIN_SELF = YES;
				CLANG_WARN_OBJC_LITERAL_CONVERSION = YES;
				CLANG_WARN_OBJC_ROOT_CLASS = YES_ERROR;
				CLANG_WARN_QUOTED_INCLUDE_IN_FRAMEWORK_HEADER = YES;
				CLANG_WARN_RANGE_LOOP_ANALYSIS = YES;
				CLANG_WARN_STRICT_PROTOTYPES = YES;
				CLANG_WARN_SUSPICIOUS_MOVE = YES;
				CLANG_WARN_UNGUARDED_AVAILABILITY = YES_AGGRESSIVE;
				CLANG_WARN_UNREACHABLE_CODE = YES;
				CLANG_WARN__DUPLICATE_METHOD_MATCH = YES;
				COPY_PHASE_STRIP = NO;
				DEBUG_INFORMATION_FORMAT = dwarf;
				ENABLE_STRICT_OBJC_MSGSEND = YES;
				ENABLE_TESTABILITY = YES;
				ENABLE_USER_SCRIPT_SANDBOXING = YES;
				GCC_C_LANGUAGE_STANDARD = gnu17;
				GCC_DYNAMIC_NO_PIC = NO;
				GCC_NO_COMMON_BLOCKS = YES;
				GCC_OPTIMIZATION_LEVEL = 0;
				GCC_PREPROCESSOR_DEFINITIONS = (
					"DEBUG=1",
					"$(inherited)",
				);
				GCC_WARN_64_TO_32_BIT_CONVERSION = YES;
				GCC_WARN_ABOUT_RETURN_TYPE = YES_ERROR;
				GCC_WARN_UNDECLARED_SELECTOR = YES;
				GCC_WARN_UNINITIALIZED_AUTOS = YES_AGGRESSIVE;
				GCC_WARN_UNUSED_FUNCTION = YES;
				GCC_WARN_UNUSED_VARIABLE = YES;
				IPHONEOS_DEPLOYMENT_TARGET = 17.5;
				LOCALIZATION_PREFERS_STRING_CATALOGS = YES;
				MTL_ENABLE_DEBUG_INFO = INCLUDE_SOURCE;
				MTL_FAST_MATH = YES;
				ONLY_ACTIVE_ARCH = YES;
				SDKROOT = iphoneos;
				SWIFT_ACTIVE_COMPILATION_CONDITIONS = "DEBUG $(inherited)";
				SWIFT_OPTIMIZATION_LEVEL = "-Onone";
			};
			name = Debug;
		};
		C193700C2C898D1D00B56BA1 /* Release */ = {
			isa = XCBuildConfiguration;
			buildSettings = {
				ALWAYS_SEARCH_USER_PATHS = NO;
				ASSETCATALOG_COMPILER_GENERATE_SWIFT_ASSET_SYMBOL_EXTENSIONS = YES;
				CLANG_ANALYZER_NONNULL = YES;
				CLANG_ANALYZER_NUMBER_OBJECT_CONVERSION = YES_AGGRESSIVE;
				CLANG_CXX_LANGUAGE_STANDARD = "gnu++20";
				CLANG_ENABLE_MODULES = YES;
				CLANG_ENABLE_OBJC_ARC = YES;
				CLANG_ENABLE_OBJC_WEAK = YES;
				CLANG_WARN_BLOCK_CAPTURE_AUTORELEASING = YES;
				CLANG_WARN_BOOL_CONVERSION = YES;
				CLANG_WARN_COMMA = YES;
				CLANG_WARN_CONSTANT_CONVERSION = YES;
				CLANG_WARN_DEPRECATED_OBJC_IMPLEMENTATIONS = YES;
				CLANG_WARN_DIRECT_OBJC_ISA_USAGE = YES_ERROR;
				CLANG_WARN_DOCUMENTATION_COMMENTS = YES;
				CLANG_WARN_EMPTY_BODY = YES;
				CLANG_WARN_ENUM_CONVERSION = YES;
				CLANG_WARN_INFINITE_RECURSION = YES;
				CLANG_WARN_INT_CONVERSION = YES;
				CLANG_WARN_NON_LITERAL_NULL_CONVERSION = YES;
				CLANG_WARN_OBJC_IMPLICIT_RETAIN_SELF = YES;
				CLANG_WARN_OBJC_LITERAL_CONVERSION = YES;
				CLANG_WARN_OBJC_ROOT_CLASS = YES_ERROR;
				CLANG_WARN_QUOTED_INCLUDE_IN_FRAMEWORK_HEADER = YES;
				CLANG_WARN_RANGE_LOOP_ANALYSIS = YES;
				CLANG_WARN_STRICT_PROTOTYPES = YES;
				CLANG_WARN_SUSPICIOUS_MOVE = YES;
				CLANG_WARN_UNGUARDED_AVAILABILITY = YES_AGGRESSIVE;
				CLANG_WARN_UNREACHABLE_CODE = YES;
				CLANG_WARN__DUPLICATE_METHOD_MATCH = YES;
				COPY_PHASE_STRIP = NO;
				DEBUG_INFORMATION_FORMAT = "dwarf-with-dsym";
				ENABLE_NS_ASSERTIONS = NO;
				ENABLE_STRICT_OBJC_MSGSEND = YES;
				ENABLE_USER_SCRIPT_SANDBOXING = YES;
				GCC_C_LANGUAGE_STANDARD = gnu17;
				GCC_NO_COMMON_BLOCKS = YES;
				GCC_WARN_64_TO_32_BIT_CONVERSION = YES;
				GCC_WARN_ABOUT_RETURN_TYPE = YES_ERROR;
				GCC_WARN_UNDECLARED_SELECTOR = YES;
				GCC_WARN_UNINITIALIZED_AUTOS = YES_AGGRESSIVE;
				GCC_WARN_UNUSED_FUNCTION = YES;
				GCC_WARN_UNUSED_VARIABLE = YES;
				IPHONEOS_DEPLOYMENT_TARGET = 17.5;
				LOCALIZATION_PREFERS_STRING_CATALOGS = YES;
				MTL_ENABLE_DEBUG_INFO = NO;
				MTL_FAST_MATH = YES;
				SDKROOT = iphoneos;
				SWIFT_COMPILATION_MODE = wholemodule;
				VALIDATE_PRODUCT = YES;
			};
			name = Release;
		};
		C193700E2C898D1D00B56BA1 /* Debug */ = {
			isa = XCBuildConfiguration;
			buildSettings = {
				ASSETCATALOG_COMPILER_APPICON_NAME = AppIcon;
				ASSETCATALOG_COMPILER_GLOBAL_ACCENT_COLOR_NAME = AccentColor;
				CODE_SIGN_STYLE = Automatic;
				CURRENT_PROJECT_VERSION = 1;
				DEVELOPMENT_TEAM = 7AS32Y773Z;
				GENERATE_INFOPLIST_FILE = YES;
				INFOPLIST_FILE = Cyclouse/Info.plist;
				INFOPLIST_KEY_UIApplicationSupportsIndirectInputEvents = YES;
				INFOPLIST_KEY_UILaunchStoryboardName = LaunchScreen;
				INFOPLIST_KEY_UISupportedInterfaceOrientations_iPad = "UIInterfaceOrientationPortrait UIInterfaceOrientationPortraitUpsideDown UIInterfaceOrientationLandscapeLeft UIInterfaceOrientationLandscapeRight";
				INFOPLIST_KEY_UISupportedInterfaceOrientations_iPhone = "UIInterfaceOrientationPortrait UIInterfaceOrientationLandscapeLeft UIInterfaceOrientationLandscapeRight";
				LD_RUNPATH_SEARCH_PATHS = (
					"$(inherited)",
					"@executable_path/Frameworks",
				);
				MARKETING_VERSION = 1.0;
				PRODUCT_BUNDLE_IDENTIFIER = com.faris.Cyclouse;
				PRODUCT_NAME = "$(TARGET_NAME)";
				SWIFT_EMIT_LOC_STRINGS = YES;
				SWIFT_VERSION = 5.0;
				TARGETED_DEVICE_FAMILY = "1,2";
			};
			name = Debug;
		};
		C193700F2C898D1D00B56BA1 /* Release */ = {
			isa = XCBuildConfiguration;
			buildSettings = {
				ASSETCATALOG_COMPILER_APPICON_NAME = AppIcon;
				ASSETCATALOG_COMPILER_GLOBAL_ACCENT_COLOR_NAME = AccentColor;
				CODE_SIGN_STYLE = Automatic;
				CURRENT_PROJECT_VERSION = 1;
				DEVELOPMENT_TEAM = 7AS32Y773Z;
				GENERATE_INFOPLIST_FILE = YES;
				INFOPLIST_FILE = Cyclouse/Info.plist;
				INFOPLIST_KEY_UIApplicationSupportsIndirectInputEvents = YES;
				INFOPLIST_KEY_UILaunchStoryboardName = LaunchScreen;
				INFOPLIST_KEY_UISupportedInterfaceOrientations_iPad = "UIInterfaceOrientationPortrait UIInterfaceOrientationPortraitUpsideDown UIInterfaceOrientationLandscapeLeft UIInterfaceOrientationLandscapeRight";
				INFOPLIST_KEY_UISupportedInterfaceOrientations_iPhone = "UIInterfaceOrientationPortrait UIInterfaceOrientationLandscapeLeft UIInterfaceOrientationLandscapeRight";
				LD_RUNPATH_SEARCH_PATHS = (
					"$(inherited)",
					"@executable_path/Frameworks",
				);
				MARKETING_VERSION = 1.0;
				PRODUCT_BUNDLE_IDENTIFIER = com.faris.Cyclouse;
				PRODUCT_NAME = "$(TARGET_NAME)";
				SWIFT_EMIT_LOC_STRINGS = YES;
				SWIFT_VERSION = 5.0;
				TARGETED_DEVICE_FAMILY = "1,2";
			};
			name = Release;
		};
/* End XCBuildConfiguration section */

/* Begin XCConfigurationList section */
		C1936FF42C898D1C00B56BA1 /* Build configuration list for PBXProject "Cyclouse" */ = {
			isa = XCConfigurationList;
			buildConfigurations = (
				C193700B2C898D1D00B56BA1 /* Debug */,
				C193700C2C898D1D00B56BA1 /* Release */,
			);
			defaultConfigurationIsVisible = 0;
			defaultConfigurationName = Release;
		};
		C193700D2C898D1D00B56BA1 /* Build configuration list for PBXNativeTarget "Cyclouse" */ = {
			isa = XCConfigurationList;
			buildConfigurations = (
				C193700E2C898D1D00B56BA1 /* Debug */,
				C193700F2C898D1D00B56BA1 /* Release */,
			);
			defaultConfigurationIsVisible = 0;
			defaultConfigurationName = Release;
		};
/* End XCConfigurationList section */

/* Begin XCRemoteSwiftPackageReference section */
		C121FD462CB903BE00B4AEF5 /* XCRemoteSwiftPackageReference "EasyNotificationBadge" */ = {
			isa = XCRemoteSwiftPackageReference;
			repositoryURL = "https://github.com/Minitour/EasyNotificationBadge.git";
			requirement = {
				kind = upToNextMajorVersion;
				minimumVersion = 1.2.5;
			};
		};
		C151E8A52CA9B9BD000C6B73 /* XCRemoteSwiftPackageReference "Valet" */ = {
			isa = XCRemoteSwiftPackageReference;
			repositoryURL = "https://github.com/square/Valet";
			requirement = {
				kind = upToNextMajorVersion;
				minimumVersion = 4.3.0;
			};
		};
		C18F517A2C9D1E4900E60C0D /* XCRemoteSwiftPackageReference "Alamofire" */ = {
			isa = XCRemoteSwiftPackageReference;
			repositoryURL = "https://github.com/Alamofire/Alamofire.git";
			requirement = {
				kind = upToNextMajorVersion;
				minimumVersion = 5.9.1;
			};
		};
		C19370492C8A133000B56BA1 /* XCRemoteSwiftPackageReference "CombineCocoa" */ = {
			isa = XCRemoteSwiftPackageReference;
			repositoryURL = "https://github.com/CombineCommunity/CombineCocoa.git";
			requirement = {
				kind = upToNextMinorVersion;
				minimumVersion = 0.4.1;
			};
		};
		C193704C2C8A137600B56BA1 /* XCRemoteSwiftPackageReference "SnapKit" */ = {
			isa = XCRemoteSwiftPackageReference;
			repositoryURL = "https://github.com/SnapKit/SnapKit.git";
			requirement = {
				kind = upToNextMinorVersion;
				minimumVersion = 5.7.1;
			};
		};
		C193704F2C8A140E00B56BA1 /* XCRemoteSwiftPackageReference "CombineDataSources" */ = {
			isa = XCRemoteSwiftPackageReference;
			repositoryURL = "https://github.com/combineopensource/CombineDataSources";
			requirement = {
				kind = upToNextMajorVersion;
				minimumVersion = 0.2.5;
			};
		};
/* End XCRemoteSwiftPackageReference section */

/* Begin XCSwiftPackageProductDependency section */
		C121FD472CB903BE00B4AEF5 /* EasyNotificationBadge */ = {
			isa = XCSwiftPackageProductDependency;
			package = C121FD462CB903BE00B4AEF5 /* XCRemoteSwiftPackageReference "EasyNotificationBadge" */;
			productName = EasyNotificationBadge;
		};
		C151E8A62CA9B9BD000C6B73 /* Valet */ = {
			isa = XCSwiftPackageProductDependency;
			package = C151E8A52CA9B9BD000C6B73 /* XCRemoteSwiftPackageReference "Valet" */;
			productName = Valet;
		};
		C18F517B2C9D1E4900E60C0D /* Alamofire */ = {
			isa = XCSwiftPackageProductDependency;
			package = C18F517A2C9D1E4900E60C0D /* XCRemoteSwiftPackageReference "Alamofire" */;
			productName = Alamofire;
		};
		C193704A2C8A133100B56BA1 /* CombineCocoa */ = {
			isa = XCSwiftPackageProductDependency;
			package = C19370492C8A133000B56BA1 /* XCRemoteSwiftPackageReference "CombineCocoa" */;
			productName = CombineCocoa;
		};
		C193704D2C8A137600B56BA1 /* SnapKit */ = {
			isa = XCSwiftPackageProductDependency;
			package = C193704C2C8A137600B56BA1 /* XCRemoteSwiftPackageReference "SnapKit" */;
			productName = SnapKit;
		};
		C19370502C8A140E00B56BA1 /* CombineDataSources */ = {
			isa = XCSwiftPackageProductDependency;
			package = C193704F2C8A140E00B56BA1 /* XCRemoteSwiftPackageReference "CombineDataSources" */;
			productName = CombineDataSources;
		};
/* End XCSwiftPackageProductDependency section */
	};
	rootObject = C1936FF12C898D1C00B56BA1 /* Project object */;
}
